// !$*UTF8*$!
{
	archiveVersion = 1;
	classes = {
	};
	objectVersion = 48;
	objects = {

/* Begin PBXBuildFile section */
		0C01F5131D63E0D1005C6284 /* Main.storyboard in Resources */ = {isa = PBXBuildFile; fileRef = 0C01F5121D63E0D1005C6284 /* Main.storyboard */; };
		4788A494C604CD94289A6A21 /* Pods_Trail_of_History.framework in Frameworks */ = {isa = PBXBuildFile; fileRef = 86310C71E7E0CC7ED11182A3 /* Pods_Trail_of_History.framework */; };
		4D8B764C1C97944300A70B71 /* AppDelegate.swift in Sources */ = {isa = PBXBuildFile; fileRef = 4D8B764B1C97944300A70B71 /* AppDelegate.swift */; };
		4D8B76561C97944300A70B71 /* Assets.xcassets in Resources */ = {isa = PBXBuildFile; fileRef = 4D8B76551C97944300A70B71 /* Assets.xcassets */; };
		D8131ABBE49B03273220BB1D /* Pods_Trail_of_History_Tests.framework in Frameworks */ = {isa = PBXBuildFile; fileRef = F202D95542273403561C87BC /* Pods_Trail_of_History_Tests.framework */; };
		E10395D0201010CA00C01528 /* ListViewController.swift in Sources */ = {isa = PBXBuildFile; fileRef = E10395CF201010CA00C01528 /* ListViewController.swift */; };
		E10395D2201010F200C01528 /* List.storyboard in Resources */ = {isa = PBXBuildFile; fileRef = E10395D1201010F200C01528 /* List.storyboard */; };
		E10395DD201108AB00C01528 /* Firebase.swift in Sources */ = {isa = PBXBuildFile; fileRef = E10395DC201108AB00C01528 /* Firebase.swift */; };
		E1110D461D83564E00CA5135 /* OptionsViewController.swift in Sources */ = {isa = PBXBuildFile; fileRef = E1110D441D83564E00CA5135 /* OptionsViewController.swift */; };
		E114C71E1D7B0D8500BE3984 /* PointOfInterestCard.swift in Sources */ = {isa = PBXBuildFile; fileRef = E114C71D1D7B0D8500BE3984 /* PointOfInterestCard.swift */; };
		E127C3282001304B002BA6DE /* Title.swift in Sources */ = {isa = PBXBuildFile; fileRef = E127C3272001304B002BA6DE /* Title.swift */; };
		E1377F4B1F62E73600C95F39 /* PageViewController.swift in Sources */ = {isa = PBXBuildFile; fileRef = E1377F491F62E73600C95F39 /* PageViewController.swift */; };
		E139E73B1D9BE6FA0057F20D /* CardCollectionLayout.swift in Sources */ = {isa = PBXBuildFile; fileRef = E139E73A1D9BE6FA0057F20D /* CardCollectionLayout.swift */; };
		E13D6FCB205FF7AE00586F2A /* Trail_of_History_UI_Tests.swift in Sources */ = {isa = PBXBuildFile; fileRef = E13D6FCA205FF7AE00586F2A /* Trail_of_History_UI_Tests.swift */; };
		E13D6FD32062A20100586F2A /* TrailOfHistory.json in Resources */ = {isa = PBXBuildFile; fileRef = E13D6FD22062A20000586F2A /* TrailOfHistory.json */; };
		E13F30881E0D53CD009EBF74 /* PointOfInterest.swift in Sources */ = {isa = PBXBuildFile; fileRef = E13F30871E0D53CD009EBF74 /* PointOfInterest.swift */; };
		E14F8F281E044C7F004AB05D /* GoogleService-Info.plist in Resources */ = {isa = PBXBuildFile; fileRef = E14F8F271E044C7F004AB05D /* GoogleService-Info.plist */; };
		E150ED441D763903006C40AF /* Archer-Medium.otf in Resources */ = {isa = PBXBuildFile; fileRef = E150ED421D763903006C40AF /* Archer-Medium.otf */; };
		E15B51481F8D50F6009B8E38 /* Trail.swift in Sources */ = {isa = PBXBuildFile; fileRef = E15B51471F8D50F6009B8E38 /* Trail.swift */; };
		E1731608201E39EF0011CB40 /* CustomColors.swift in Sources */ = {isa = PBXBuildFile; fileRef = E1731607201E39EE0011CB40 /* CustomColors.swift */; };
		E17D99BF20595CAB0069E98B /* TrailOfHistory.gpx in Resources */ = {isa = PBXBuildFile; fileRef = E17D99BE20595CAB0069E98B /* TrailOfHistory.gpx */; };
		E180FF38200FD2EB00206C66 /* PageSwiper.swift in Sources */ = {isa = PBXBuildFile; fileRef = E180FF37200FD2EB00206C66 /* PageSwiper.swift */; };
		E1823A431E1548EC00498A92 /* PointOfInterestCell.swift in Sources */ = {isa = PBXBuildFile; fileRef = E1823A401E1548EC00498A92 /* PointOfInterestCell.swift */; };
		E1823A441E1548EC00498A92 /* PointOfInterestCell.xib in Resources */ = {isa = PBXBuildFile; fileRef = E1823A411E1548EC00498A92 /* PointOfInterestCell.xib */; };
		E1823A481E1550D100498A92 /* LaunchScreen.storyboard in Resources */ = {isa = PBXBuildFile; fileRef = E1823A471E1550D100498A92 /* LaunchScreen.storyboard */; };
		E1823A4C1E15602F00498A92 /* NavigationController.swift in Sources */ = {isa = PBXBuildFile; fileRef = E1823A4B1E15602F00498A92 /* NavigationController.swift */; };
		E1823A521E170BE100498A92 /* DetailView.swift in Sources */ = {isa = PBXBuildFile; fileRef = E1823A511E170BE100498A92 /* DetailView.swift */; };
		E18378BE20597A87006BEA14 /* Trail_of_History_Tests.swift in Sources */ = {isa = PBXBuildFile; fileRef = E18378BD20597A87006BEA14 /* Trail_of_History_Tests.swift */; };
		E1C2383C1D6B28C700A718A8 /* Map.storyboard in Resources */ = {isa = PBXBuildFile; fileRef = E1C2383B1D6B28C700A718A8 /* Map.storyboard */; };
		E1C2383F1D6B29E900A718A8 /* PointOfInterestCard.xib in Resources */ = {isa = PBXBuildFile; fileRef = E1C2383D1D6B29E900A718A8 /* PointOfInterestCard.xib */; };
		E1C238461D6B6AFD00A718A8 /* MapViewController.swift in Sources */ = {isa = PBXBuildFile; fileRef = E1C238451D6B6AFD00A718A8 /* MapViewController.swift */; };
		E1C238661D6C9EF900A718A8 /* MapKit.framework in Frameworks */ = {isa = PBXBuildFile; fileRef = E1C238651D6C9EF900A718A8 /* MapKit.framework */; };
		E1DFEBB01D7663B9007359F4 /* DIN Condensed Bold.ttf in Resources */ = {isa = PBXBuildFile; fileRef = E1DFEBAF1D7663B9007359F4 /* DIN Condensed Bold.ttf */; };
		E1F984E31D6F692D00D28411 /* Title.xib in Resources */ = {isa = PBXBuildFile; fileRef = E1F984E21D6F692D00D28411 /* Title.xib */; };
/* End PBXBuildFile section */

/* Begin PBXContainerItemProxy section */
		E13D6FCD205FF7AE00586F2A /* PBXContainerItemProxy */ = {
			isa = PBXContainerItemProxy;
			containerPortal = 4D8B76401C97944300A70B71 /* Project object */;
			proxyType = 1;
			remoteGlobalIDString = 4D8B76471C97944300A70B71;
			remoteInfo = "Trail of History";
		};
		E18378C020597A87006BEA14 /* PBXContainerItemProxy */ = {
			isa = PBXContainerItemProxy;
			containerPortal = 4D8B76401C97944300A70B71 /* Project object */;
			proxyType = 1;
			remoteGlobalIDString = 4D8B76471C97944300A70B71;
			remoteInfo = "Trail of History";
		};
/* End PBXContainerItemProxy section */

/* Begin PBXCopyFilesBuildPhase section */
		E1CB9AEE1F5AB65D00AFA5AE /* Embed Frameworks */ = {
			isa = PBXCopyFilesBuildPhase;
			buildActionMask = 2147483647;
			dstPath = "";
			dstSubfolderSpec = 10;
			files = (
			);
			name = "Embed Frameworks";
			runOnlyForDeploymentPostprocessing = 0;
		};
/* End PBXCopyFilesBuildPhase section */

/* Begin PBXFileReference section */
		0C01F5121D63E0D1005C6284 /* Main.storyboard */ = {isa = PBXFileReference; fileEncoding = 4; lastKnownFileType = file.storyboard; name = Main.storyboard; path = Base.lproj/Main.storyboard; sourceTree = "<group>"; };
		1137ED282B76BE7C67C5AECB /* Pods-Trail of History Tests.release.xcconfig */ = {isa = PBXFileReference; includeInIndex = 1; lastKnownFileType = text.xcconfig; name = "Pods-Trail of History Tests.release.xcconfig"; path = "Pods/Target Support Files/Pods-Trail of History Tests/Pods-Trail of History Tests.release.xcconfig"; sourceTree = "<group>"; };
		1294D643F85DA3FD6135D9B1 /* libPods-Trail of HistoryUITests.a */ = {isa = PBXFileReference; explicitFileType = archive.ar; includeInIndex = 0; path = "libPods-Trail of HistoryUITests.a"; sourceTree = BUILT_PRODUCTS_DIR; };
		4D8B76481C97944300A70B71 /* Trail of History.app */ = {isa = PBXFileReference; explicitFileType = wrapper.application; includeInIndex = 0; path = "Trail of History.app"; sourceTree = BUILT_PRODUCTS_DIR; };
		4D8B764B1C97944300A70B71 /* AppDelegate.swift */ = {isa = PBXFileReference; lastKnownFileType = sourcecode.swift; path = AppDelegate.swift; sourceTree = "<group>"; };
		4D8B76551C97944300A70B71 /* Assets.xcassets */ = {isa = PBXFileReference; lastKnownFileType = folder.assetcatalog; path = Assets.xcassets; sourceTree = "<group>"; };
		4D8B765A1C97944300A70B71 /* Info.plist */ = {isa = PBXFileReference; lastKnownFileType = text.plist.xml; path = Info.plist; sourceTree = "<group>"; };
		663E40419345BFAA966D6C06 /* libPods-Trail of HistoryTests.a */ = {isa = PBXFileReference; explicitFileType = archive.ar; includeInIndex = 0; path = "libPods-Trail of HistoryTests.a"; sourceTree = BUILT_PRODUCTS_DIR; };
		6FC7F45E7A9B75300AA3E164 /* Pods-Trail of History.debug.xcconfig */ = {isa = PBXFileReference; includeInIndex = 1; lastKnownFileType = text.xcconfig; name = "Pods-Trail of History.debug.xcconfig"; path = "Pods/Target Support Files/Pods-Trail of History/Pods-Trail of History.debug.xcconfig"; sourceTree = "<group>"; };
		86310C71E7E0CC7ED11182A3 /* Pods_Trail_of_History.framework */ = {isa = PBXFileReference; explicitFileType = wrapper.framework; includeInIndex = 0; path = Pods_Trail_of_History.framework; sourceTree = BUILT_PRODUCTS_DIR; };
		E10395CF201010CA00C01528 /* ListViewController.swift */ = {isa = PBXFileReference; fileEncoding = 4; lastKnownFileType = sourcecode.swift; name = ListViewController.swift; path = "List View/ListViewController.swift"; sourceTree = "<group>"; };
		E10395D1201010F200C01528 /* List.storyboard */ = {isa = PBXFileReference; fileEncoding = 4; lastKnownFileType = file.storyboard; name = List.storyboard; path = "List View/List.storyboard"; sourceTree = "<group>"; };
		E10395DC201108AB00C01528 /* Firebase.swift */ = {isa = PBXFileReference; fileEncoding = 4; lastKnownFileType = sourcecode.swift; name = Firebase.swift; path = Common/Firebase.swift; sourceTree = "<group>"; };
		E1110D441D83564E00CA5135 /* OptionsViewController.swift */ = {isa = PBXFileReference; fileEncoding = 4; lastKnownFileType = sourcecode.swift; name = OptionsViewController.swift; path = "Map View/OptionsViewController.swift"; sourceTree = "<group>"; };
		E114C71D1D7B0D8500BE3984 /* PointOfInterestCard.swift */ = {isa = PBXFileReference; fileEncoding = 4; lastKnownFileType = sourcecode.swift; name = PointOfInterestCard.swift; path = "Map View/PointOfInterestCard.swift"; sourceTree = "<group>"; };
		E127C3272001304B002BA6DE /* Title.swift */ = {isa = PBXFileReference; lastKnownFileType = sourcecode.swift; name = Title.swift; path = Common/Title.swift; sourceTree = "<group>"; };
		E1377F491F62E73600C95F39 /* PageViewController.swift */ = {isa = PBXFileReference; fileEncoding = 4; lastKnownFileType = sourcecode.swift; path = PageViewController.swift; sourceTree = "<group>"; };
		E139E73A1D9BE6FA0057F20D /* CardCollectionLayout.swift */ = {isa = PBXFileReference; fileEncoding = 4; lastKnownFileType = sourcecode.swift; name = CardCollectionLayout.swift; path = "Map View/CardCollectionLayout.swift"; sourceTree = "<group>"; };
		E13D6FC8205FF7AE00586F2A /* Trail of History UI Tests.xctest */ = {isa = PBXFileReference; explicitFileType = wrapper.cfbundle; includeInIndex = 0; path = "Trail of History UI Tests.xctest"; sourceTree = BUILT_PRODUCTS_DIR; };
		E13D6FCA205FF7AE00586F2A /* Trail_of_History_UI_Tests.swift */ = {isa = PBXFileReference; lastKnownFileType = sourcecode.swift; path = Trail_of_History_UI_Tests.swift; sourceTree = "<group>"; };
		E13D6FCC205FF7AE00586F2A /* Info.plist */ = {isa = PBXFileReference; lastKnownFileType = text.plist.xml; path = Info.plist; sourceTree = "<group>"; };
		E13D6FD22062A20000586F2A /* TrailOfHistory.json */ = {isa = PBXFileReference; fileEncoding = 4; lastKnownFileType = text.json; name = TrailOfHistory.json; path = Resources/TrailOfHistory.json; sourceTree = "<group>"; };
		E13F30871E0D53CD009EBF74 /* PointOfInterest.swift */ = {isa = PBXFileReference; fileEncoding = 4; lastKnownFileType = sourcecode.swift; name = PointOfInterest.swift; path = Common/PointOfInterest.swift; sourceTree = "<group>"; };
		E14F8F271E044C7F004AB05D /* GoogleService-Info.plist */ = {isa = PBXFileReference; fileEncoding = 4; lastKnownFileType = text.plist.xml; name = "GoogleService-Info.plist"; path = "Resources/GoogleService-Info.plist"; sourceTree = "<group>"; };
		E150ED421D763903006C40AF /* Archer-Medium.otf */ = {isa = PBXFileReference; lastKnownFileType = file; name = "Archer-Medium.otf"; path = "Resources/Archer-Medium.otf"; sourceTree = "<group>"; };
		E15B51471F8D50F6009B8E38 /* Trail.swift */ = {isa = PBXFileReference; fileEncoding = 4; lastKnownFileType = sourcecode.swift; name = Trail.swift; path = "Map View/Trail.swift"; sourceTree = "<group>"; };
		E1731607201E39EE0011CB40 /* CustomColors.swift */ = {isa = PBXFileReference; fileEncoding = 4; lastKnownFileType = sourcecode.swift; name = CustomColors.swift; path = Common/CustomColors.swift; sourceTree = "<group>"; };
		E17D99BE20595CAB0069E98B /* TrailOfHistory.gpx */ = {isa = PBXFileReference; fileEncoding = 4; lastKnownFileType = text.xml; name = TrailOfHistory.gpx; path = Resources/TrailOfHistory.gpx; sourceTree = "<group>"; };
		E180FF37200FD2EB00206C66 /* PageSwiper.swift */ = {isa = PBXFileReference; lastKnownFileType = sourcecode.swift; path = PageSwiper.swift; sourceTree = "<group>"; };
		E1823A401E1548EC00498A92 /* PointOfInterestCell.swift */ = {isa = PBXFileReference; fileEncoding = 4; lastKnownFileType = sourcecode.swift; name = PointOfInterestCell.swift; path = "List View/PointOfInterestCell.swift"; sourceTree = "<group>"; };
		E1823A411E1548EC00498A92 /* PointOfInterestCell.xib */ = {isa = PBXFileReference; fileEncoding = 4; lastKnownFileType = file.xib; name = PointOfInterestCell.xib; path = "List View/PointOfInterestCell.xib"; sourceTree = "<group>"; };
		E1823A471E1550D100498A92 /* LaunchScreen.storyboard */ = {isa = PBXFileReference; fileEncoding = 4; lastKnownFileType = file.storyboard; name = LaunchScreen.storyboard; path = Base.lproj/LaunchScreen.storyboard; sourceTree = "<group>"; };
		E1823A4B1E15602F00498A92 /* NavigationController.swift */ = {isa = PBXFileReference; fileEncoding = 4; lastKnownFileType = sourcecode.swift; path = NavigationController.swift; sourceTree = "<group>"; };
		E1823A511E170BE100498A92 /* DetailView.swift */ = {isa = PBXFileReference; fileEncoding = 4; lastKnownFileType = sourcecode.swift; name = DetailView.swift; path = "Detail View/DetailView.swift"; sourceTree = "<group>"; };
		E18378BB20597A87006BEA14 /* Trail of History Tests.xctest */ = {isa = PBXFileReference; explicitFileType = wrapper.cfbundle; includeInIndex = 0; path = "Trail of History Tests.xctest"; sourceTree = BUILT_PRODUCTS_DIR; };
		E18378BD20597A87006BEA14 /* Trail_of_History_Tests.swift */ = {isa = PBXFileReference; lastKnownFileType = sourcecode.swift; path = Trail_of_History_Tests.swift; sourceTree = "<group>"; };
		E18378BF20597A87006BEA14 /* Info.plist */ = {isa = PBXFileReference; lastKnownFileType = text.plist.xml; path = Info.plist; sourceTree = "<group>"; };
		E1C2383B1D6B28C700A718A8 /* Map.storyboard */ = {isa = PBXFileReference; fileEncoding = 4; lastKnownFileType = file.storyboard; name = Map.storyboard; path = "Map View/Map.storyboard"; sourceTree = "<group>"; };
		E1C2383D1D6B29E900A718A8 /* PointOfInterestCard.xib */ = {isa = PBXFileReference; fileEncoding = 4; lastKnownFileType = file.xib; name = PointOfInterestCard.xib; path = "Map View/PointOfInterestCard.xib"; sourceTree = "<group>"; };
		E1C238451D6B6AFD00A718A8 /* MapViewController.swift */ = {isa = PBXFileReference; fileEncoding = 4; lastKnownFileType = sourcecode.swift; name = MapViewController.swift; path = "Map View/MapViewController.swift"; sourceTree = "<group>"; };
		E1C238651D6C9EF900A718A8 /* MapKit.framework */ = {isa = PBXFileReference; lastKnownFileType = wrapper.framework; name = MapKit.framework; path = System/Library/Frameworks/MapKit.framework; sourceTree = SDKROOT; };
		E1DFEBAF1D7663B9007359F4 /* DIN Condensed Bold.ttf */ = {isa = PBXFileReference; lastKnownFileType = file; name = "DIN Condensed Bold.ttf"; path = "Resources/DIN Condensed Bold.ttf"; sourceTree = "<group>"; };
		E1F984E21D6F692D00D28411 /* Title.xib */ = {isa = PBXFileReference; fileEncoding = 4; lastKnownFileType = file.xib; name = Title.xib; path = Common/Title.xib; sourceTree = "<group>"; };
		F202D95542273403561C87BC /* Pods_Trail_of_History_Tests.framework */ = {isa = PBXFileReference; explicitFileType = wrapper.framework; includeInIndex = 0; path = Pods_Trail_of_History_Tests.framework; sourceTree = BUILT_PRODUCTS_DIR; };
		F5EAD61089994794A61D00C3 /* Pods-Trail of History.release.xcconfig */ = {isa = PBXFileReference; includeInIndex = 1; lastKnownFileType = text.xcconfig; name = "Pods-Trail of History.release.xcconfig"; path = "Pods/Target Support Files/Pods-Trail of History/Pods-Trail of History.release.xcconfig"; sourceTree = "<group>"; };
		F9D76E590266AB7D8403CDBA /* Pods-Trail of History Tests.debug.xcconfig */ = {isa = PBXFileReference; includeInIndex = 1; lastKnownFileType = text.xcconfig; name = "Pods-Trail of History Tests.debug.xcconfig"; path = "Pods/Target Support Files/Pods-Trail of History Tests/Pods-Trail of History Tests.debug.xcconfig"; sourceTree = "<group>"; };
/* End PBXFileReference section */

/* Begin PBXFrameworksBuildPhase section */
		4D8B76451C97944300A70B71 /* Frameworks */ = {
			isa = PBXFrameworksBuildPhase;
			buildActionMask = 2147483647;
			files = (
				E1C238661D6C9EF900A718A8 /* MapKit.framework in Frameworks */,
				4788A494C604CD94289A6A21 /* Pods_Trail_of_History.framework in Frameworks */,
			);
			runOnlyForDeploymentPostprocessing = 0;
		};
		E13D6FC5205FF7AE00586F2A /* Frameworks */ = {
			isa = PBXFrameworksBuildPhase;
			buildActionMask = 2147483647;
			files = (
			);
			runOnlyForDeploymentPostprocessing = 0;
		};
		E18378B820597A87006BEA14 /* Frameworks */ = {
			isa = PBXFrameworksBuildPhase;
			buildActionMask = 2147483647;
			files = (
				D8131ABBE49B03273220BB1D /* Pods_Trail_of_History_Tests.framework in Frameworks */,
			);
			runOnlyForDeploymentPostprocessing = 0;
		};
/* End PBXFrameworksBuildPhase section */

/* Begin PBXGroup section */
		0C01F50A1D63DDCB005C6284 /* Resources */ = {
			isa = PBXGroup;
			children = (
				E13D6FD22062A20000586F2A /* TrailOfHistory.json */,
				E17D99BE20595CAB0069E98B /* TrailOfHistory.gpx */,
				E14F8F271E044C7F004AB05D /* GoogleService-Info.plist */,
				4D8B76551C97944300A70B71 /* Assets.xcassets */,
				E150ED421D763903006C40AF /* Archer-Medium.otf */,
				E1DFEBAF1D7663B9007359F4 /* DIN Condensed Bold.ttf */,
			);
			name = Resources;
			sourceTree = "<group>";
		};
		0C01F50C1D63DDF1005C6284 /* Map View */ = {
			isa = PBXGroup;
			children = (
				E139E73A1D9BE6FA0057F20D /* CardCollectionLayout.swift */,
				E1C2383B1D6B28C700A718A8 /* Map.storyboard */,
				E1C238451D6B6AFD00A718A8 /* MapViewController.swift */,
				E1110D441D83564E00CA5135 /* OptionsViewController.swift */,
				E1C2383D1D6B29E900A718A8 /* PointOfInterestCard.xib */,
				E114C71D1D7B0D8500BE3984 /* PointOfInterestCard.swift */,
				E15B51471F8D50F6009B8E38 /* Trail.swift */,
			);
			name = "Map View";
			sourceTree = "<group>";
		};
		0C01F50D1D63DDF6005C6284 /* Detail View */ = {
			isa = PBXGroup;
			children = (
				E1823A511E170BE100498A92 /* DetailView.swift */,
			);
			name = "Detail View";
			sourceTree = "<group>";
		};
		0C01F5141D63E135005C6284 /* Common */ = {
			isa = PBXGroup;
			children = (
				E1731607201E39EE0011CB40 /* CustomColors.swift */,
				E10395DC201108AB00C01528 /* Firebase.swift */,
				E180FF37200FD2EB00206C66 /* PageSwiper.swift */,
				E13F30871E0D53CD009EBF74 /* PointOfInterest.swift */,
				E127C3272001304B002BA6DE /* Title.swift */,
				E1F984E21D6F692D00D28411 /* Title.xib */,
			);
			name = Common;
			sourceTree = "<group>";
		};
		20D82087A7E17A0C89BC7141 /* Pods */ = {
			isa = PBXGroup;
			children = (
				6FC7F45E7A9B75300AA3E164 /* Pods-Trail of History.debug.xcconfig */,
				F5EAD61089994794A61D00C3 /* Pods-Trail of History.release.xcconfig */,
				F9D76E590266AB7D8403CDBA /* Pods-Trail of History Tests.debug.xcconfig */,
				1137ED282B76BE7C67C5AECB /* Pods-Trail of History Tests.release.xcconfig */,
			);
			name = Pods;
			sourceTree = "<group>";
		};
		4D8B763F1C97944300A70B71 = {
			isa = PBXGroup;
			children = (
				4D8B764A1C97944300A70B71 /* Trail of History */,
				E18378BC20597A87006BEA14 /* Trail of History Tests */,
				E13D6FC9205FF7AE00586F2A /* Trail of History UI Tests */,
				4D8B76491C97944300A70B71 /* Products */,
				20D82087A7E17A0C89BC7141 /* Pods */,
				896E85D2910027162145AD8E /* Frameworks */,
			);
			sourceTree = "<group>";
		};
		4D8B76491C97944300A70B71 /* Products */ = {
			isa = PBXGroup;
			children = (
				4D8B76481C97944300A70B71 /* Trail of History.app */,
				E18378BB20597A87006BEA14 /* Trail of History Tests.xctest */,
				E13D6FC8205FF7AE00586F2A /* Trail of History UI Tests.xctest */,
			);
			name = Products;
			sourceTree = "<group>";
		};
		4D8B764A1C97944300A70B71 /* Trail of History */ = {
			isa = PBXGroup;
			children = (
				4D8B764B1C97944300A70B71 /* AppDelegate.swift */,
				4D8B765A1C97944300A70B71 /* Info.plist */,
				E1823A471E1550D100498A92 /* LaunchScreen.storyboard */,
				0C01F5121D63E0D1005C6284 /* Main.storyboard */,
				E1823A4B1E15602F00498A92 /* NavigationController.swift */,
				E1377F491F62E73600C95F39 /* PageViewController.swift */,
				0C01F5141D63E135005C6284 /* Common */,
				0C01F50D1D63DDF6005C6284 /* Detail View */,
				E1823A3E1E1548D300498A92 /* List View */,
				0C01F50C1D63DDF1005C6284 /* Map View */,
				0C01F50A1D63DDCB005C6284 /* Resources */,
			);
			path = "Trail of History";
			sourceTree = "<group>";
		};
		896E85D2910027162145AD8E /* Frameworks */ = {
			isa = PBXGroup;
			children = (
				E1C238651D6C9EF900A718A8 /* MapKit.framework */,
				663E40419345BFAA966D6C06 /* libPods-Trail of HistoryTests.a */,
				1294D643F85DA3FD6135D9B1 /* libPods-Trail of HistoryUITests.a */,
				86310C71E7E0CC7ED11182A3 /* Pods_Trail_of_History.framework */,
				F202D95542273403561C87BC /* Pods_Trail_of_History_Tests.framework */,
			);
			name = Frameworks;
			sourceTree = "<group>";
		};
		E13D6FC9205FF7AE00586F2A /* Trail of History UI Tests */ = {
			isa = PBXGroup;
			children = (
				E13D6FCA205FF7AE00586F2A /* Trail_of_History_UI_Tests.swift */,
				E13D6FCC205FF7AE00586F2A /* Info.plist */,
			);
			path = "Trail of History UI Tests";
			sourceTree = "<group>";
		};
		E1823A3E1E1548D300498A92 /* List View */ = {
			isa = PBXGroup;
			children = (
				E10395D1201010F200C01528 /* List.storyboard */,
				E10395CF201010CA00C01528 /* ListViewController.swift */,
				E1823A401E1548EC00498A92 /* PointOfInterestCell.swift */,
				E1823A411E1548EC00498A92 /* PointOfInterestCell.xib */,
			);
			name = "List View";
			sourceTree = "<group>";
		};
		E18378BC20597A87006BEA14 /* Trail of History Tests */ = {
			isa = PBXGroup;
			children = (
				E18378BD20597A87006BEA14 /* Trail_of_History_Tests.swift */,
				E18378BF20597A87006BEA14 /* Info.plist */,
			);
			path = "Trail of History Tests";
			sourceTree = "<group>";
		};
/* End PBXGroup section */

/* Begin PBXNativeTarget section */
		4D8B76471C97944300A70B71 /* Trail of History */ = {
			isa = PBXNativeTarget;
			buildConfigurationList = 4D8B76731C97944300A70B71 /* Build configuration list for PBXNativeTarget "Trail of History" */;
			buildPhases = (
				BD213B514E8AC991F7D0A5B9 /* [CP] Check Pods Manifest.lock */,
				4D8B76441C97944300A70B71 /* Sources */,
				4D8B76451C97944300A70B71 /* Frameworks */,
				4D8B76461C97944300A70B71 /* Resources */,
				0BE145A0735A724939A18E73 /* [CP] Embed Pods Frameworks */,
				AF57DBF56DC8F390E826E88A /* [CP] Copy Pods Resources */,
				E1CB9AEE1F5AB65D00AFA5AE /* Embed Frameworks */,
				E10395D72010D46900C01528 /* ToDos & FixMes */,
			);
			buildRules = (
			);
			dependencies = (
			);
			name = "Trail of History";
			productName = "Trail of History";
			productReference = 4D8B76481C97944300A70B71 /* Trail of History.app */;
			productType = "com.apple.product-type.application";
		};
		E13D6FC7205FF7AE00586F2A /* Trail of History UI Tests */ = {
			isa = PBXNativeTarget;
			buildConfigurationList = E13D6FD1205FF7AE00586F2A /* Build configuration list for PBXNativeTarget "Trail of History UI Tests" */;
			buildPhases = (
				E13D6FC4205FF7AE00586F2A /* Sources */,
				E13D6FC5205FF7AE00586F2A /* Frameworks */,
				E13D6FC6205FF7AE00586F2A /* Resources */,
			);
			buildRules = (
			);
			dependencies = (
				E13D6FCE205FF7AE00586F2A /* PBXTargetDependency */,
			);
			name = "Trail of History UI Tests";
			productName = "Trail of History UI Tests";
			productReference = E13D6FC8205FF7AE00586F2A /* Trail of History UI Tests.xctest */;
			productType = "com.apple.product-type.bundle.ui-testing";
		};
		E18378BA20597A87006BEA14 /* Trail of History Tests */ = {
			isa = PBXNativeTarget;
			buildConfigurationList = E18378C420597A87006BEA14 /* Build configuration list for PBXNativeTarget "Trail of History Tests" */;
			buildPhases = (
				184FF41F4EFC8BF688DA7CBF /* [CP] Check Pods Manifest.lock */,
				E18378B720597A87006BEA14 /* Sources */,
				E18378B820597A87006BEA14 /* Frameworks */,
				E18378B920597A87006BEA14 /* Resources */,
				C21065CB68283BB93D2616C6 /* [CP] Embed Pods Frameworks */,
				17FB97222C7989F1526020DA /* [CP] Copy Pods Resources */,
			);
			buildRules = (
			);
			dependencies = (
				E18378C120597A87006BEA14 /* PBXTargetDependency */,
			);
			name = "Trail of History Tests";
			productName = "Trail of History Tests";
			productReference = E18378BB20597A87006BEA14 /* Trail of History Tests.xctest */;
			productType = "com.apple.product-type.bundle.unit-test";
		};
/* End PBXNativeTarget section */

/* Begin PBXProject section */
		4D8B76401C97944300A70B71 /* Project object */ = {
			isa = PBXProject;
			attributes = {
				LastSwiftUpdateCheck = 0920;
				LastUpgradeCheck = 0900;
				ORGANIZATIONNAME = rvaessen.com;
				TargetAttributes = {
					4D8B76471C97944300A70B71 = {
						CreatedOnToolsVersion = 7.2.1;
						DevelopmentTeam = UR6MRM7GRB;
						LastSwiftMigration = 0900;
					};
					E13D6FC7205FF7AE00586F2A = {
						CreatedOnToolsVersion = 9.2;
						ProvisioningStyle = Automatic;
						TestTargetID = 4D8B76471C97944300A70B71;
					};
					E18378BA20597A87006BEA14 = {
						CreatedOnToolsVersion = 9.2;
						ProvisioningStyle = Automatic;
						TestTargetID = 4D8B76471C97944300A70B71;
					};
				};
			};
			buildConfigurationList = 4D8B76431C97944300A70B71 /* Build configuration list for PBXProject "Trail of History" */;
			compatibilityVersion = "Xcode 8.0";
			developmentRegion = English;
			hasScannedForEncodings = 0;
			knownRegions = (
				en,
				Base,
			);
			mainGroup = 4D8B763F1C97944300A70B71;
			productRefGroup = 4D8B76491C97944300A70B71 /* Products */;
			projectDirPath = "";
			projectRoot = "";
			targets = (
				4D8B76471C97944300A70B71 /* Trail of History */,
				E18378BA20597A87006BEA14 /* Trail of History Tests */,
				E13D6FC7205FF7AE00586F2A /* Trail of History UI Tests */,
			);
		};
/* End PBXProject section */

/* Begin PBXResourcesBuildPhase section */
		4D8B76461C97944300A70B71 /* Resources */ = {
			isa = PBXResourcesBuildPhase;
			buildActionMask = 2147483647;
			files = (
				E14F8F281E044C7F004AB05D /* GoogleService-Info.plist in Resources */,
				4D8B76561C97944300A70B71 /* Assets.xcassets in Resources */,
				0C01F5131D63E0D1005C6284 /* Main.storyboard in Resources */,
				E10395D2201010F200C01528 /* List.storyboard in Resources */,
				E13D6FD32062A20100586F2A /* TrailOfHistory.json in Resources */,
				E1823A441E1548EC00498A92 /* PointOfInterestCell.xib in Resources */,
				E1C2383F1D6B29E900A718A8 /* PointOfInterestCard.xib in Resources */,
				E17D99BF20595CAB0069E98B /* TrailOfHistory.gpx in Resources */,
				E1F984E31D6F692D00D28411 /* Title.xib in Resources */,
				E1DFEBB01D7663B9007359F4 /* DIN Condensed Bold.ttf in Resources */,
				E1C2383C1D6B28C700A718A8 /* Map.storyboard in Resources */,
				E1823A481E1550D100498A92 /* LaunchScreen.storyboard in Resources */,
				E150ED441D763903006C40AF /* Archer-Medium.otf in Resources */,
			);
			runOnlyForDeploymentPostprocessing = 0;
		};
		E13D6FC6205FF7AE00586F2A /* Resources */ = {
			isa = PBXResourcesBuildPhase;
			buildActionMask = 2147483647;
			files = (
			);
			runOnlyForDeploymentPostprocessing = 0;
		};
		E18378B920597A87006BEA14 /* Resources */ = {
			isa = PBXResourcesBuildPhase;
			buildActionMask = 2147483647;
			files = (
			);
			runOnlyForDeploymentPostprocessing = 0;
		};
/* End PBXResourcesBuildPhase section */

/* Begin PBXShellScriptBuildPhase section */
		0BE145A0735A724939A18E73 /* [CP] Embed Pods Frameworks */ = {
			isa = PBXShellScriptBuildPhase;
			buildActionMask = 2147483647;
			files = (
			);
			inputPaths = (
				"${SRCROOT}/Pods/Target Support Files/Pods-Trail of History/Pods-Trail of History-frameworks.sh",
				"${BUILT_PRODUCTS_DIR}/GTMSessionFetcher/GTMSessionFetcher.framework",
				"${BUILT_PRODUCTS_DIR}/GoogleToolboxForMac/GoogleToolboxForMac.framework",
				"${BUILT_PRODUCTS_DIR}/VerticonsToolbox/VerticonsToolbox.framework",
				"${BUILT_PRODUCTS_DIR}/leveldb-library/leveldb.framework",
				"${BUILT_PRODUCTS_DIR}/nanopb/nanopb.framework",
			);
			name = "[CP] Embed Pods Frameworks";
			outputPaths = (
				"${TARGET_BUILD_DIR}/${FRAMEWORKS_FOLDER_PATH}/GTMSessionFetcher.framework",
				"${TARGET_BUILD_DIR}/${FRAMEWORKS_FOLDER_PATH}/GoogleToolboxForMac.framework",
				"${TARGET_BUILD_DIR}/${FRAMEWORKS_FOLDER_PATH}/VerticonsToolbox.framework",
				"${TARGET_BUILD_DIR}/${FRAMEWORKS_FOLDER_PATH}/leveldb.framework",
				"${TARGET_BUILD_DIR}/${FRAMEWORKS_FOLDER_PATH}/nanopb.framework",
			);
			runOnlyForDeploymentPostprocessing = 0;
			shellPath = /bin/sh;
			shellScript = "\"${SRCROOT}/Pods/Target Support Files/Pods-Trail of History/Pods-Trail of History-frameworks.sh\"\n";
			showEnvVarsInLog = 0;
		};
		17FB97222C7989F1526020DA /* [CP] Copy Pods Resources */ = {
			isa = PBXShellScriptBuildPhase;
			buildActionMask = 2147483647;
			files = (
			);
			inputPaths = (
			);
			name = "[CP] Copy Pods Resources";
			outputPaths = (
			);
			runOnlyForDeploymentPostprocessing = 0;
			shellPath = /bin/sh;
			shellScript = "\"${SRCROOT}/Pods/Target Support Files/Pods-Trail of History Tests/Pods-Trail of History Tests-resources.sh\"\n";
			showEnvVarsInLog = 0;
		};
		184FF41F4EFC8BF688DA7CBF /* [CP] Check Pods Manifest.lock */ = {
			isa = PBXShellScriptBuildPhase;
			buildActionMask = 2147483647;
			files = (
			);
			inputPaths = (
				"${PODS_PODFILE_DIR_PATH}/Podfile.lock",
				"${PODS_ROOT}/Manifest.lock",
			);
			name = "[CP] Check Pods Manifest.lock";
			outputPaths = (
				"$(DERIVED_FILE_DIR)/Pods-Trail of History Tests-checkManifestLockResult.txt",
			);
			runOnlyForDeploymentPostprocessing = 0;
			shellPath = /bin/sh;
			shellScript = "diff \"${PODS_PODFILE_DIR_PATH}/Podfile.lock\" \"${PODS_ROOT}/Manifest.lock\" > /dev/null\nif [ $? != 0 ] ; then\n    # print error to STDERR\n    echo \"error: The sandbox is not in sync with the Podfile.lock. Run 'pod install' or update your CocoaPods installation.\" >&2\n    exit 1\nfi\n# This output is used by Xcode 'outputs' to avoid re-running this script phase.\necho \"SUCCESS\" > \"${SCRIPT_OUTPUT_FILE_0}\"\n";
			showEnvVarsInLog = 0;
		};
		AF57DBF56DC8F390E826E88A /* [CP] Copy Pods Resources */ = {
			isa = PBXShellScriptBuildPhase;
			buildActionMask = 2147483647;
			files = (
			);
			inputPaths = (
			);
			name = "[CP] Copy Pods Resources";
			outputPaths = (
			);
			runOnlyForDeploymentPostprocessing = 0;
			shellPath = /bin/sh;
			shellScript = "\"${SRCROOT}/Pods/Target Support Files/Pods-Trail of History/Pods-Trail of History-resources.sh\"\n";
			showEnvVarsInLog = 0;
		};
		BD213B514E8AC991F7D0A5B9 /* [CP] Check Pods Manifest.lock */ = {
			isa = PBXShellScriptBuildPhase;
			buildActionMask = 2147483647;
			files = (
			);
			inputPaths = (
				"${PODS_PODFILE_DIR_PATH}/Podfile.lock",
				"${PODS_ROOT}/Manifest.lock",
			);
			name = "[CP] Check Pods Manifest.lock";
			outputPaths = (
				"$(DERIVED_FILE_DIR)/Pods-Trail of History-checkManifestLockResult.txt",
			);
			runOnlyForDeploymentPostprocessing = 0;
			shellPath = /bin/sh;
			shellScript = "diff \"${PODS_PODFILE_DIR_PATH}/Podfile.lock\" \"${PODS_ROOT}/Manifest.lock\" > /dev/null\nif [ $? != 0 ] ; then\n    # print error to STDERR\n    echo \"error: The sandbox is not in sync with the Podfile.lock. Run 'pod install' or update your CocoaPods installation.\" >&2\n    exit 1\nfi\n# This output is used by Xcode 'outputs' to avoid re-running this script phase.\necho \"SUCCESS\" > \"${SCRIPT_OUTPUT_FILE_0}\"\n";
			showEnvVarsInLog = 0;
		};
		C21065CB68283BB93D2616C6 /* [CP] Embed Pods Frameworks */ = {
			isa = PBXShellScriptBuildPhase;
			buildActionMask = 2147483647;
			files = (
			);
			inputPaths = (
				"${SRCROOT}/Pods/Target Support Files/Pods-Trail of History Tests/Pods-Trail of History Tests-frameworks.sh",
				"${BUILT_PRODUCTS_DIR}/GoogleToolboxForMac/GoogleToolboxForMac.framework",
				"${BUILT_PRODUCTS_DIR}/VerticonsToolbox/VerticonsToolbox.framework",
				"${BUILT_PRODUCTS_DIR}/nanopb/nanopb.framework",
			);
			name = "[CP] Embed Pods Frameworks";
			outputPaths = (
				"${TARGET_BUILD_DIR}/${FRAMEWORKS_FOLDER_PATH}/GoogleToolboxForMac.framework",
				"${TARGET_BUILD_DIR}/${FRAMEWORKS_FOLDER_PATH}/VerticonsToolbox.framework",
				"${TARGET_BUILD_DIR}/${FRAMEWORKS_FOLDER_PATH}/nanopb.framework",
			);
			runOnlyForDeploymentPostprocessing = 0;
			shellPath = /bin/sh;
			shellScript = "\"${SRCROOT}/Pods/Target Support Files/Pods-Trail of History Tests/Pods-Trail of History Tests-frameworks.sh\"\n";
			showEnvVarsInLog = 0;
		};
		E10395D72010D46900C01528 /* ToDos & FixMes */ = {
			isa = PBXShellScriptBuildPhase;
			buildActionMask = 2147483647;
			files = (
			);
			inputPaths = (
			);
			name = "ToDos & FixMes";
			outputPaths = (
			);
			runOnlyForDeploymentPostprocessing = 0;
			shellPath = /bin/sh;
			shellScript = "TAGS=\"TODO:|FIXME:\"\necho \"searching ${SRCROOT} for ${TAGS}\"\nfind \"${SRCROOT}\" \\( -name \"*.swift\" \\) -print0 | xargs -0 egrep --with-filename --line-number --only-matching \"($TAGS).*\\$\" | perl -p -e \"s/($TAGS)/ warning: \\$1/\"";
		};
/* End PBXShellScriptBuildPhase section */

/* Begin PBXSourcesBuildPhase section */
		4D8B76441C97944300A70B71 /* Sources */ = {
			isa = PBXSourcesBuildPhase;
			buildActionMask = 2147483647;
			files = (
				E139E73B1D9BE6FA0057F20D /* CardCollectionLayout.swift in Sources */,
				E1377F4B1F62E73600C95F39 /* PageViewController.swift in Sources */,
				E180FF38200FD2EB00206C66 /* PageSwiper.swift in Sources */,
				E114C71E1D7B0D8500BE3984 /* PointOfInterestCard.swift in Sources */,
				E1823A4C1E15602F00498A92 /* NavigationController.swift in Sources */,
				E1823A521E170BE100498A92 /* DetailView.swift in Sources */,
				E10395D0201010CA00C01528 /* ListViewController.swift in Sources */,
				E10395DD201108AB00C01528 /* Firebase.swift in Sources */,
				E13F30881E0D53CD009EBF74 /* PointOfInterest.swift in Sources */,
				E127C3282001304B002BA6DE /* Title.swift in Sources */,
				E1731608201E39EF0011CB40 /* CustomColors.swift in Sources */,
				4D8B764C1C97944300A70B71 /* AppDelegate.swift in Sources */,
				E1C238461D6B6AFD00A718A8 /* MapViewController.swift in Sources */,
				E1110D461D83564E00CA5135 /* OptionsViewController.swift in Sources */,
				E15B51481F8D50F6009B8E38 /* Trail.swift in Sources */,
				E1823A431E1548EC00498A92 /* PointOfInterestCell.swift in Sources */,
			);
			runOnlyForDeploymentPostprocessing = 0;
		};
		E13D6FC4205FF7AE00586F2A /* Sources */ = {
			isa = PBXSourcesBuildPhase;
			buildActionMask = 2147483647;
			files = (
				E13D6FCB205FF7AE00586F2A /* Trail_of_History_UI_Tests.swift in Sources */,
			);
			runOnlyForDeploymentPostprocessing = 0;
		};
		E18378B720597A87006BEA14 /* Sources */ = {
			isa = PBXSourcesBuildPhase;
			buildActionMask = 2147483647;
			files = (
				E18378BE20597A87006BEA14 /* Trail_of_History_Tests.swift in Sources */,
			);
			runOnlyForDeploymentPostprocessing = 0;
		};
/* End PBXSourcesBuildPhase section */

/* Begin PBXTargetDependency section */
		E13D6FCE205FF7AE00586F2A /* PBXTargetDependency */ = {
			isa = PBXTargetDependency;
			target = 4D8B76471C97944300A70B71 /* Trail of History */;
			targetProxy = E13D6FCD205FF7AE00586F2A /* PBXContainerItemProxy */;
		};
		E18378C120597A87006BEA14 /* PBXTargetDependency */ = {
			isa = PBXTargetDependency;
			target = 4D8B76471C97944300A70B71 /* Trail of History */;
			targetProxy = E18378C020597A87006BEA14 /* PBXContainerItemProxy */;
		};
/* End PBXTargetDependency section */

/* Begin XCBuildConfiguration section */
		4D8B76711C97944300A70B71 /* Debug */ = {
			isa = XCBuildConfiguration;
			buildSettings = {
				ALWAYS_SEARCH_USER_PATHS = NO;
				CLANG_CXX_LANGUAGE_STANDARD = "gnu++0x";
				CLANG_CXX_LIBRARY = "libc++";
				CLANG_ENABLE_MODULES = YES;
				CLANG_ENABLE_OBJC_ARC = YES;
				CLANG_WARN_BLOCK_CAPTURE_AUTORELEASING = YES;
				CLANG_WARN_BOOL_CONVERSION = YES;
				CLANG_WARN_COMMA = YES;
				CLANG_WARN_CONSTANT_CONVERSION = YES;
				CLANG_WARN_DIRECT_OBJC_ISA_USAGE = YES_ERROR;
				CLANG_WARN_EMPTY_BODY = YES;
				CLANG_WARN_ENUM_CONVERSION = YES;
				CLANG_WARN_INFINITE_RECURSION = YES;
				CLANG_WARN_INT_CONVERSION = YES;
				CLANG_WARN_NON_LITERAL_NULL_CONVERSION = YES;
				CLANG_WARN_OBJC_LITERAL_CONVERSION = YES;
				CLANG_WARN_OBJC_ROOT_CLASS = YES_ERROR;
				CLANG_WARN_RANGE_LOOP_ANALYSIS = YES;
				CLANG_WARN_STRICT_PROTOTYPES = YES;
				CLANG_WARN_SUSPICIOUS_MOVE = YES;
				CLANG_WARN_UNREACHABLE_CODE = YES;
				CLANG_WARN__DUPLICATE_METHOD_MATCH = YES;
				"CODE_SIGN_IDENTITY[sdk=iphoneos*]" = "iPhone Developer";
				COPY_PHASE_STRIP = NO;
				DEBUG_INFORMATION_FORMAT = dwarf;
				ENABLE_STRICT_OBJC_MSGSEND = YES;
				ENABLE_TESTABILITY = YES;
				GCC_C_LANGUAGE_STANDARD = gnu99;
				GCC_DYNAMIC_NO_PIC = NO;
				GCC_NO_COMMON_BLOCKS = YES;
				GCC_OPTIMIZATION_LEVEL = 0;
				GCC_PREPROCESSOR_DEFINITIONS = (
					"DEBUG=1",
					"$(inherited)",
				);
				GCC_WARN_64_TO_32_BIT_CONVERSION = YES;
				GCC_WARN_ABOUT_RETURN_TYPE = YES_ERROR;
				GCC_WARN_UNDECLARED_SELECTOR = YES;
				GCC_WARN_UNINITIALIZED_AUTOS = YES_AGGRESSIVE;
				GCC_WARN_UNUSED_FUNCTION = YES;
				GCC_WARN_UNUSED_VARIABLE = YES;
				IPHONEOS_DEPLOYMENT_TARGET = 9.2;
				MTL_ENABLE_DEBUG_INFO = YES;
				ONLY_ACTIVE_ARCH = YES;
				SDKROOT = iphoneos;
				SWIFT_OPTIMIZATION_LEVEL = "-Onone";
				TARGETED_DEVICE_FAMILY = "1,2";
			};
			name = Debug;
		};
		4D8B76721C97944300A70B71 /* Release */ = {
			isa = XCBuildConfiguration;
			buildSettings = {
				ALWAYS_SEARCH_USER_PATHS = NO;
				CLANG_CXX_LANGUAGE_STANDARD = "gnu++0x";
				CLANG_CXX_LIBRARY = "libc++";
				CLANG_ENABLE_MODULES = YES;
				CLANG_ENABLE_OBJC_ARC = YES;
				CLANG_WARN_BLOCK_CAPTURE_AUTORELEASING = YES;
				CLANG_WARN_BOOL_CONVERSION = YES;
				CLANG_WARN_COMMA = YES;
				CLANG_WARN_CONSTANT_CONVERSION = YES;
				CLANG_WARN_DIRECT_OBJC_ISA_USAGE = YES_ERROR;
				CLANG_WARN_EMPTY_BODY = YES;
				CLANG_WARN_ENUM_CONVERSION = YES;
				CLANG_WARN_INFINITE_RECURSION = YES;
				CLANG_WARN_INT_CONVERSION = YES;
				CLANG_WARN_NON_LITERAL_NULL_CONVERSION = YES;
				CLANG_WARN_OBJC_LITERAL_CONVERSION = YES;
				CLANG_WARN_OBJC_ROOT_CLASS = YES_ERROR;
				CLANG_WARN_RANGE_LOOP_ANALYSIS = YES;
				CLANG_WARN_STRICT_PROTOTYPES = YES;
				CLANG_WARN_SUSPICIOUS_MOVE = YES;
				CLANG_WARN_UNREACHABLE_CODE = YES;
				CLANG_WARN__DUPLICATE_METHOD_MATCH = YES;
				"CODE_SIGN_IDENTITY[sdk=iphoneos*]" = "iPhone Developer";
				COPY_PHASE_STRIP = NO;
				DEBUG_INFORMATION_FORMAT = "dwarf-with-dsym";
				ENABLE_NS_ASSERTIONS = NO;
				ENABLE_STRICT_OBJC_MSGSEND = YES;
				GCC_C_LANGUAGE_STANDARD = gnu99;
				GCC_NO_COMMON_BLOCKS = YES;
				GCC_WARN_64_TO_32_BIT_CONVERSION = YES;
				GCC_WARN_ABOUT_RETURN_TYPE = YES_ERROR;
				GCC_WARN_UNDECLARED_SELECTOR = YES;
				GCC_WARN_UNINITIALIZED_AUTOS = YES_AGGRESSIVE;
				GCC_WARN_UNUSED_FUNCTION = YES;
				GCC_WARN_UNUSED_VARIABLE = YES;
				IPHONEOS_DEPLOYMENT_TARGET = 9.2;
				MTL_ENABLE_DEBUG_INFO = NO;
				SDKROOT = iphoneos;
				SWIFT_OPTIMIZATION_LEVEL = "-Owholemodule";
				TARGETED_DEVICE_FAMILY = "1,2";
				VALIDATE_PRODUCT = YES;
			};
			name = Release;
		};
		4D8B76741C97944300A70B71 /* Debug */ = {
			isa = XCBuildConfiguration;
			baseConfigurationReference = 6FC7F45E7A9B75300AA3E164 /* Pods-Trail of History.debug.xcconfig */;
			buildSettings = {
				ALWAYS_EMBED_SWIFT_STANDARD_LIBRARIES = YES;
				ASSETCATALOG_COMPILER_APPICON_NAME = AppIcon;
				CODE_SIGN_IDENTITY = "iPhone Developer";
				DEVELOPMENT_TEAM = UR6MRM7GRB;
				FRAMEWORK_SEARCH_PATHS = (
					"$(inherited)",
					"$(PROJECT_DIR)",
				);
				INFOPLIST_FILE = "Trail of History/Info.plist";
				IPHONEOS_DEPLOYMENT_TARGET = 11.0;
				LD_RUNPATH_SEARCH_PATHS = "$(inherited) @executable_path/Frameworks";
				PRODUCT_BUNDLE_IDENTIFIER = com.rvaessen.MecklenburgTrailOfHistory;
				PRODUCT_NAME = "$(TARGET_NAME)";
				"SWIFT_ACTIVE_COMPILATION_CONDITIONS[arch=*]" = DeveloperNeighborhood;
				SWIFT_SWIFT3_OBJC_INFERENCE = Default;
				SWIFT_VERSION = 4.0;
				TARGETED_DEVICE_FAMILY = "1,2";
			};
			name = Debug;
		};
		4D8B76751C97944300A70B71 /* Release */ = {
			isa = XCBuildConfiguration;
			baseConfigurationReference = F5EAD61089994794A61D00C3 /* Pods-Trail of History.release.xcconfig */;
			buildSettings = {
				ALWAYS_EMBED_SWIFT_STANDARD_LIBRARIES = YES;
				ASSETCATALOG_COMPILER_APPICON_NAME = AppIcon;
				CODE_SIGN_IDENTITY = "iPhone Developer";
				DEVELOPMENT_TEAM = UR6MRM7GRB;
				FRAMEWORK_SEARCH_PATHS = (
					"$(inherited)",
					"$(PROJECT_DIR)",
				);
				INFOPLIST_FILE = "Trail of History/Info.plist";
				IPHONEOS_DEPLOYMENT_TARGET = 11.0;
				LD_RUNPATH_SEARCH_PATHS = "$(inherited) @executable_path/Frameworks";
				PRODUCT_BUNDLE_IDENTIFIER = com.rvaessen.MecklenburgTrailOfHistory;
				PRODUCT_NAME = "$(TARGET_NAME)";
				SWIFT_SWIFT3_OBJC_INFERENCE = Default;
				SWIFT_VERSION = 4.0;
				TARGETED_DEVICE_FAMILY = "1,2";
			};
			name = Release;
		};
		E13D6FCF205FF7AE00586F2A /* Debug */ = {
			isa = XCBuildConfiguration;
			buildSettings = {
				CLANG_ANALYZER_NONNULL = YES;
				CLANG_ANALYZER_NUMBER_OBJECT_CONVERSION = YES_AGGRESSIVE;
				CLANG_CXX_LANGUAGE_STANDARD = "gnu++14";
				CLANG_WARN_DOCUMENTATION_COMMENTS = YES;
				CLANG_WARN_UNGUARDED_AVAILABILITY = YES_AGGRESSIVE;
				CODE_SIGN_IDENTITY = "iPhone Developer";
				CODE_SIGN_STYLE = Automatic;
				DEVELOPMENT_TEAM = UR6MRM7GRB;
				GCC_C_LANGUAGE_STANDARD = gnu11;
				INFOPLIST_FILE = "Trail of History UI Tests/Info.plist";
				IPHONEOS_DEPLOYMENT_TARGET = 11.2;
				LD_RUNPATH_SEARCH_PATHS = "$(inherited) @executable_path/Frameworks @loader_path/Frameworks";
				PRODUCT_BUNDLE_IDENTIFIER = "com.rvaessen.Trail-of-History-UI-Tests";
				PRODUCT_NAME = "$(TARGET_NAME)";
				SWIFT_ACTIVE_COMPILATION_CONDITIONS = DEBUG;
				SWIFT_VERSION = 4.0;
				TARGETED_DEVICE_FAMILY = "1,2";
				TEST_TARGET_NAME = "Trail of History";
			};
			name = Debug;
		};
		E13D6FD0205FF7AE00586F2A /* Release */ = {
			isa = XCBuildConfiguration;
			buildSettings = {
				CLANG_ANALYZER_NONNULL = YES;
				CLANG_ANALYZER_NUMBER_OBJECT_CONVERSION = YES_AGGRESSIVE;
				CLANG_CXX_LANGUAGE_STANDARD = "gnu++14";
				CLANG_WARN_DOCUMENTATION_COMMENTS = YES;
				CLANG_WARN_UNGUARDED_AVAILABILITY = YES_AGGRESSIVE;
				CODE_SIGN_IDENTITY = "iPhone Developer";
				CODE_SIGN_STYLE = Automatic;
				DEVELOPMENT_TEAM = UR6MRM7GRB;
				GCC_C_LANGUAGE_STANDARD = gnu11;
				INFOPLIST_FILE = "Trail of History UI Tests/Info.plist";
				IPHONEOS_DEPLOYMENT_TARGET = 11.2;
				LD_RUNPATH_SEARCH_PATHS = "$(inherited) @executable_path/Frameworks @loader_path/Frameworks";
				PRODUCT_BUNDLE_IDENTIFIER = "com.rvaessen.Trail-of-History-UI-Tests";
				PRODUCT_NAME = "$(TARGET_NAME)";
				SWIFT_VERSION = 4.0;
				TARGETED_DEVICE_FAMILY = "1,2";
				TEST_TARGET_NAME = "Trail of History";
			};
			name = Release;
		};
		E18378C220597A87006BEA14 /* Debug */ = {
			isa = XCBuildConfiguration;
			baseConfigurationReference = F9D76E590266AB7D8403CDBA /* Pods-Trail of History Tests.debug.xcconfig */;
			buildSettings = {
				BUNDLE_LOADER = "$(TEST_HOST)";
				CLANG_ANALYZER_NONNULL = YES;
				CLANG_ANALYZER_NUMBER_OBJECT_CONVERSION = YES_AGGRESSIVE;
				CLANG_CXX_LANGUAGE_STANDARD = "gnu++14";
				CLANG_WARN_DOCUMENTATION_COMMENTS = YES;
				CLANG_WARN_UNGUARDED_AVAILABILITY = YES_AGGRESSIVE;
				CODE_SIGN_IDENTITY = "iPhone Developer";
				CODE_SIGN_STYLE = Automatic;
				DEVELOPMENT_TEAM = UR6MRM7GRB;
				GCC_C_LANGUAGE_STANDARD = gnu11;
				INFOPLIST_FILE = "Trail of History Tests/Info.plist";
				IPHONEOS_DEPLOYMENT_TARGET = 11.2;
				LD_RUNPATH_SEARCH_PATHS = "$(inherited) @executable_path/Frameworks @loader_path/Frameworks";
				PRODUCT_BUNDLE_IDENTIFIER = "com.rvaessen.Trail-of-History-Tests";
				PRODUCT_NAME = "$(TARGET_NAME)";
				SWIFT_ACTIVE_COMPILATION_CONDITIONS = DEBUG;
				SWIFT_VERSION = 4.0;
				TARGETED_DEVICE_FAMILY = "1,2";
				TEST_HOST = "$(BUILT_PRODUCTS_DIR)/Trail of History.app/Trail of History";
			};
			name = Debug;
		};
		E18378C320597A87006BEA14 /* Release */ = {
			isa = XCBuildConfiguration;
			baseConfigurationReference = 1137ED282B76BE7C67C5AECB /* Pods-Trail of History Tests.release.xcconfig */;
			buildSettings = {
				BUNDLE_LOADER = "$(TEST_HOST)";
				CLANG_ANALYZER_NONNULL = YES;
				CLANG_ANALYZER_NUMBER_OBJECT_CONVERSION = YES_AGGRESSIVE;
				CLANG_CXX_LANGUAGE_STANDARD = "gnu++14";
				CLANG_WARN_DOCUMENTATION_COMMENTS = YES;
				CLANG_WARN_UNGUARDED_AVAILABILITY = YES_AGGRESSIVE;
				CODE_SIGN_IDENTITY = "iPhone Developer";
				CODE_SIGN_STYLE = Automatic;
				DEVELOPMENT_TEAM = UR6MRM7GRB;
				GCC_C_LANGUAGE_STANDARD = gnu11;
				INFOPLIST_FILE = "Trail of History Tests/Info.plist";
				IPHONEOS_DEPLOYMENT_TARGET = 11.2;
				LD_RUNPATH_SEARCH_PATHS = "$(inherited) @executable_path/Frameworks @loader_path/Frameworks";
				PRODUCT_BUNDLE_IDENTIFIER = "com.rvaessen.Trail-of-History-Tests";
				PRODUCT_NAME = "$(TARGET_NAME)";
				SWIFT_VERSION = 4.0;
				TARGETED_DEVICE_FAMILY = "1,2";
				TEST_HOST = "$(BUILT_PRODUCTS_DIR)/Trail of History.app/Trail of History";
			};
			name = Release;
		};
/* End XCBuildConfiguration section */

/* Begin XCConfigurationList section */
		4D8B76431C97944300A70B71 /* Build configuration list for PBXProject "Trail of History" */ = {
			isa = XCConfigurationList;
			buildConfigurations = (
				4D8B76711C97944300A70B71 /* Debug */,
				4D8B76721C97944300A70B71 /* Release */,
			);
			defaultConfigurationIsVisible = 0;
			defaultConfigurationName = Release;
		};
		4D8B76731C97944300A70B71 /* Build configuration list for PBXNativeTarget "Trail of History" */ = {
			isa = XCConfigurationList;
			buildConfigurations = (
				4D8B76741C97944300A70B71 /* Debug */,
				4D8B76751C97944300A70B71 /* Release */,
			);
			defaultConfigurationIsVisible = 0;
			defaultConfigurationName = Release;
		};
		E13D6FD1205FF7AE00586F2A /* Build configuration list for PBXNativeTarget "Trail of History UI Tests" */ = {
			isa = XCConfigurationList;
			buildConfigurations = (
				E13D6FCF205FF7AE00586F2A /* Debug */,
				E13D6FD0205FF7AE00586F2A /* Release */,
			);
			defaultConfigurationIsVisible = 0;
			defaultConfigurationName = Release;
		};
		E18378C420597A87006BEA14 /* Build configuration list for PBXNativeTarget "Trail of History Tests" */ = {
			isa = XCConfigurationList;
			buildConfigurations = (
				E18378C220597A87006BEA14 /* Debug */,
				E18378C320597A87006BEA14 /* Release */,
			);
			defaultConfigurationIsVisible = 0;
			defaultConfigurationName = Release;
		};
/* End XCConfigurationList section */
	};
	rootObject = 4D8B76401C97944300A70B71 /* Project object */;
}
