// !$*UTF8*$!
{
	archiveVersion = 1;
	classes = {
	};
	objectVersion = 46;
	objects = {

/* Begin PBXBuildFile section */
		0C01F5131D63E0D1005C6284 /* Main.storyboard in Resources */ = {isa = PBXBuildFile; fileRef = 0C01F5121D63E0D1005C6284 /* Main.storyboard */; };
		0C01F5171D63E163005C6284 /* UIColor+CustomColors.swift in Sources */ = {isa = PBXBuildFile; fileRef = 0C01F5161D63E163005C6284 /* UIColor+CustomColors.swift */; };
		4422897E3CD919446A4E8B04 /* libPods-Trail of HistoryTests.a in Frameworks */ = {isa = PBXBuildFile; fileRef = 663E40419345BFAA966D6C06 /* libPods-Trail of HistoryTests.a */; };
		4D68CDFF8772D4729ECF188A /* libPods-Trail of History.a in Frameworks */ = {isa = PBXBuildFile; fileRef = 6D10F4F6240FDF5914D19411 /* libPods-Trail of History.a */; };
		4D8B764C1C97944300A70B71 /* AppDelegate.swift in Sources */ = {isa = PBXBuildFile; fileRef = 4D8B764B1C97944300A70B71 /* AppDelegate.swift */; };
		4D8B76541C97944300A70B71 /* Trail_of_History.xcdatamodeld in Sources */ = {isa = PBXBuildFile; fileRef = 4D8B76521C97944300A70B71 /* Trail_of_History.xcdatamodeld */; };
		4D8B76561C97944300A70B71 /* Assets.xcassets in Resources */ = {isa = PBXBuildFile; fileRef = 4D8B76551C97944300A70B71 /* Assets.xcassets */; };
		4D8B76641C97944300A70B71 /* Trail_of_HistoryTests.swift in Sources */ = {isa = PBXBuildFile; fileRef = 4D8B76631C97944300A70B71 /* Trail_of_HistoryTests.swift */; };
		4D8B766F1C97944300A70B71 /* Trail_of_HistoryUITests.swift in Sources */ = {isa = PBXBuildFile; fileRef = 4D8B766E1C97944300A70B71 /* Trail_of_HistoryUITests.swift */; };
		AFC8D1CE24F14651A7D54F8C /* libPods-Trail of HistoryUITests.a in Frameworks */ = {isa = PBXBuildFile; fileRef = 1294D643F85DA3FD6135D9B1 /* libPods-Trail of HistoryUITests.a */; };
		E1110D461D83564E00CA5135 /* OptionsViewController.swift in Sources */ = {isa = PBXBuildFile; fileRef = E1110D441D83564E00CA5135 /* OptionsViewController.swift */; };
		E114C71E1D7B0D8500BE3984 /* PointOfInterestCard.swift in Sources */ = {isa = PBXBuildFile; fileRef = E114C71D1D7B0D8500BE3984 /* PointOfInterestCard.swift */; };
		E1377F4B1F62E73600C95F39 /* PageViewController.swift in Sources */ = {isa = PBXBuildFile; fileRef = E1377F491F62E73600C95F39 /* PageViewController.swift */; };
		E139E73B1D9BE6FA0057F20D /* CardCollectionLayout.swift in Sources */ = {isa = PBXBuildFile; fileRef = E139E73A1D9BE6FA0057F20D /* CardCollectionLayout.swift */; };
		E13F30881E0D53CD009EBF74 /* PointOfInterest.swift in Sources */ = {isa = PBXBuildFile; fileRef = E13F30871E0D53CD009EBF74 /* PointOfInterest.swift */; };
		E14F8F281E044C7F004AB05D /* GoogleService-Info.plist in Resources */ = {isa = PBXBuildFile; fileRef = E14F8F271E044C7F004AB05D /* GoogleService-Info.plist */; };
		E150ED441D763903006C40AF /* Archer-Medium.otf in Resources */ = {isa = PBXBuildFile; fileRef = E150ED421D763903006C40AF /* Archer-Medium.otf */; };
		E15B51481F8D50F6009B8E38 /* Path.swift in Sources */ = {isa = PBXBuildFile; fileRef = E15B51471F8D50F6009B8E38 /* Path.swift */; };
		E1823A371E14635600498A92 /* AlertUser.swift in Sources */ = {isa = PBXBuildFile; fileRef = E1823A361E14635600498A92 /* AlertUser.swift */; };
		E1823A431E1548EC00498A92 /* PointOfInterestCell.swift in Sources */ = {isa = PBXBuildFile; fileRef = E1823A401E1548EC00498A92 /* PointOfInterestCell.swift */; };
		E1823A441E1548EC00498A92 /* PointOfInterestCell.xib in Resources */ = {isa = PBXBuildFile; fileRef = E1823A411E1548EC00498A92 /* PointOfInterestCell.xib */; };
		E1823A461E15500500498A92 /* List.storyboard in Resources */ = {isa = PBXBuildFile; fileRef = E1823A451E15500500498A92 /* List.storyboard */; };
		E1823A481E1550D100498A92 /* LaunchScreen.storyboard in Resources */ = {isa = PBXBuildFile; fileRef = E1823A471E1550D100498A92 /* LaunchScreen.storyboard */; };
		E1823A4A1E155C0D00498A92 /* ListViewController.swift in Sources */ = {isa = PBXBuildFile; fileRef = E1823A491E155C0D00498A92 /* ListViewController.swift */; };
		E1823A4C1E15602F00498A92 /* NavigationController.swift in Sources */ = {isa = PBXBuildFile; fileRef = E1823A4B1E15602F00498A92 /* NavigationController.swift */; };
		E1823A4E1E16BD4900498A92 /* UIWindowExtensions.swift in Sources */ = {isa = PBXBuildFile; fileRef = E1823A4D1E16BD4900498A92 /* UIWindowExtensions.swift */; };
		E1823A521E170BE100498A92 /* DetailView.swift in Sources */ = {isa = PBXBuildFile; fileRef = E1823A511E170BE100498A92 /* DetailView.swift */; };
		E182C6FC1F7680B2003903CE /* MainPath.json in Resources */ = {isa = PBXBuildFile; fileRef = E182C6FA1F7680B2003903CE /* MainPath.json */; };
		E1C2383C1D6B28C700A718A8 /* Map.storyboard in Resources */ = {isa = PBXBuildFile; fileRef = E1C2383B1D6B28C700A718A8 /* Map.storyboard */; };
		E1C2383F1D6B29E900A718A8 /* PointOfInterestCard.xib in Resources */ = {isa = PBXBuildFile; fileRef = E1C2383D1D6B29E900A718A8 /* PointOfInterestCard.xib */; };
		E1C238461D6B6AFD00A718A8 /* MapViewController.swift in Sources */ = {isa = PBXBuildFile; fileRef = E1C238451D6B6AFD00A718A8 /* MapViewController.swift */; };
		E1C238661D6C9EF900A718A8 /* MapKit.framework in Frameworks */ = {isa = PBXBuildFile; fileRef = E1C238651D6C9EF900A718A8 /* MapKit.framework */; };
		E1C238681D6CA65700A718A8 /* UIViewExtensions.swift in Sources */ = {isa = PBXBuildFile; fileRef = E1C238671D6CA65700A718A8 /* UIViewExtensions.swift */; };
		E1CB9AEA1F5AB65D00AFA5AE /* VerticonsToolbox.framework in Frameworks */ = {isa = PBXBuildFile; fileRef = E1CB9AE51F5AB15E00AFA5AE /* VerticonsToolbox.framework */; };
		E1CB9AEB1F5AB65D00AFA5AE /* VerticonsToolbox.framework in Embed Frameworks */ = {isa = PBXBuildFile; fileRef = E1CB9AE51F5AB15E00AFA5AE /* VerticonsToolbox.framework */; settings = {ATTRIBUTES = (CodeSignOnCopy, RemoveHeadersOnCopy, ); }; };
		E1D6AA6F1D88D43B002987BA /* UIApplicationExtensions.swift in Sources */ = {isa = PBXBuildFile; fileRef = E1D6AA6E1D88D43B002987BA /* UIApplicationExtensions.swift */; };
		E1DFEBB01D7663B9007359F4 /* DIN Condensed Bold.ttf in Resources */ = {isa = PBXBuildFile; fileRef = E1DFEBAF1D7663B9007359F4 /* DIN Condensed Bold.ttf */; };
		E1F984E31D6F692D00D28411 /* Title.xib in Resources */ = {isa = PBXBuildFile; fileRef = E1F984E21D6F692D00D28411 /* Title.xib */; };
/* End PBXBuildFile section */

/* Begin PBXContainerItemProxy section */
		4D8B76601C97944300A70B71 /* PBXContainerItemProxy */ = {
			isa = PBXContainerItemProxy;
			containerPortal = 4D8B76401C97944300A70B71 /* Project object */;
			proxyType = 1;
			remoteGlobalIDString = 4D8B76471C97944300A70B71;
			remoteInfo = "Trail of History";
		};
		4D8B766B1C97944300A70B71 /* PBXContainerItemProxy */ = {
			isa = PBXContainerItemProxy;
			containerPortal = 4D8B76401C97944300A70B71 /* Project object */;
			proxyType = 1;
			remoteGlobalIDString = 4D8B76471C97944300A70B71;
			remoteInfo = "Trail of History";
		};
		E1CB9AE41F5AB15E00AFA5AE /* PBXContainerItemProxy */ = {
			isa = PBXContainerItemProxy;
			containerPortal = E1CB9AE01F5AB15E00AFA5AE /* VerticonsToolbox.xcodeproj */;
			proxyType = 2;
			remoteGlobalIDString = E1B762041E5DC68600B01E19;
			remoteInfo = VerticonsToolbox;
		};
		E1CB9AE81F5AB5EE00AFA5AE /* PBXContainerItemProxy */ = {
			isa = PBXContainerItemProxy;
			containerPortal = E1CB9AE01F5AB15E00AFA5AE /* VerticonsToolbox.xcodeproj */;
			proxyType = 1;
			remoteGlobalIDString = E1B762031E5DC68600B01E19;
			remoteInfo = VerticonsToolbox;
		};
		E1CB9AEC1F5AB65D00AFA5AE /* PBXContainerItemProxy */ = {
			isa = PBXContainerItemProxy;
			containerPortal = E1CB9AE01F5AB15E00AFA5AE /* VerticonsToolbox.xcodeproj */;
			proxyType = 1;
			remoteGlobalIDString = E1B762031E5DC68600B01E19;
			remoteInfo = VerticonsToolbox;
		};
/* End PBXContainerItemProxy section */

/* Begin PBXCopyFilesBuildPhase section */
		E1CB9AEE1F5AB65D00AFA5AE /* Embed Frameworks */ = {
			isa = PBXCopyFilesBuildPhase;
			buildActionMask = 2147483647;
			dstPath = "";
			dstSubfolderSpec = 10;
			files = (
				E1CB9AEB1F5AB65D00AFA5AE /* VerticonsToolbox.framework in Embed Frameworks */,
			);
			name = "Embed Frameworks";
			runOnlyForDeploymentPostprocessing = 0;
		};
/* End PBXCopyFilesBuildPhase section */

/* Begin PBXFileReference section */
		0C01F5121D63E0D1005C6284 /* Main.storyboard */ = {isa = PBXFileReference; fileEncoding = 4; lastKnownFileType = file.storyboard; name = Main.storyboard; path = Base.lproj/Main.storyboard; sourceTree = "<group>"; };
		0C01F5161D63E163005C6284 /* UIColor+CustomColors.swift */ = {isa = PBXFileReference; fileEncoding = 4; lastKnownFileType = sourcecode.swift; name = "UIColor+CustomColors.swift"; path = "Common/UI/UIColor+CustomColors.swift"; sourceTree = "<group>"; };
		1294D643F85DA3FD6135D9B1 /* libPods-Trail of HistoryUITests.a */ = {isa = PBXFileReference; explicitFileType = archive.ar; includeInIndex = 0; path = "libPods-Trail of HistoryUITests.a"; sourceTree = BUILT_PRODUCTS_DIR; };
		2679BFF5225141B4C8CA3B32 /* Pods-Trail of HistoryTests.debug.xcconfig */ = {isa = PBXFileReference; includeInIndex = 1; lastKnownFileType = text.xcconfig; name = "Pods-Trail of HistoryTests.debug.xcconfig"; path = "Pods/Target Support Files/Pods-Trail of HistoryTests/Pods-Trail of HistoryTests.debug.xcconfig"; sourceTree = "<group>"; };
		3E23F6EF68C01C921852F36C /* Pods-Trail of HistoryUITests.release.xcconfig */ = {isa = PBXFileReference; includeInIndex = 1; lastKnownFileType = text.xcconfig; name = "Pods-Trail of HistoryUITests.release.xcconfig"; path = "Pods/Target Support Files/Pods-Trail of HistoryUITests/Pods-Trail of HistoryUITests.release.xcconfig"; sourceTree = "<group>"; };
		4D8B76481C97944300A70B71 /* Trail of History.app */ = {isa = PBXFileReference; explicitFileType = wrapper.application; includeInIndex = 0; path = "Trail of History.app"; sourceTree = BUILT_PRODUCTS_DIR; };
		4D8B764B1C97944300A70B71 /* AppDelegate.swift */ = {isa = PBXFileReference; lastKnownFileType = sourcecode.swift; path = AppDelegate.swift; sourceTree = "<group>"; };
		4D8B76531C97944300A70B71 /* Trail_of_History.xcdatamodel */ = {isa = PBXFileReference; lastKnownFileType = wrapper.xcdatamodel; path = Trail_of_History.xcdatamodel; sourceTree = "<group>"; };
		4D8B76551C97944300A70B71 /* Assets.xcassets */ = {isa = PBXFileReference; lastKnownFileType = folder.assetcatalog; path = Assets.xcassets; sourceTree = "<group>"; };
		4D8B765A1C97944300A70B71 /* Info.plist */ = {isa = PBXFileReference; lastKnownFileType = text.plist.xml; path = Info.plist; sourceTree = "<group>"; };
		4D8B765F1C97944300A70B71 /* Trail of HistoryTests.xctest */ = {isa = PBXFileReference; explicitFileType = wrapper.cfbundle; includeInIndex = 0; path = "Trail of HistoryTests.xctest"; sourceTree = BUILT_PRODUCTS_DIR; };
		4D8B76631C97944300A70B71 /* Trail_of_HistoryTests.swift */ = {isa = PBXFileReference; lastKnownFileType = sourcecode.swift; path = Trail_of_HistoryTests.swift; sourceTree = "<group>"; };
		4D8B76651C97944300A70B71 /* Info.plist */ = {isa = PBXFileReference; lastKnownFileType = text.plist.xml; path = Info.plist; sourceTree = "<group>"; };
		4D8B766A1C97944300A70B71 /* Trail of HistoryUITests.xctest */ = {isa = PBXFileReference; explicitFileType = wrapper.cfbundle; includeInIndex = 0; path = "Trail of HistoryUITests.xctest"; sourceTree = BUILT_PRODUCTS_DIR; };
		4D8B766E1C97944300A70B71 /* Trail_of_HistoryUITests.swift */ = {isa = PBXFileReference; lastKnownFileType = sourcecode.swift; path = Trail_of_HistoryUITests.swift; sourceTree = "<group>"; };
		4D8B76701C97944300A70B71 /* Info.plist */ = {isa = PBXFileReference; lastKnownFileType = text.plist.xml; path = Info.plist; sourceTree = "<group>"; };
		663E40419345BFAA966D6C06 /* libPods-Trail of HistoryTests.a */ = {isa = PBXFileReference; explicitFileType = archive.ar; includeInIndex = 0; path = "libPods-Trail of HistoryTests.a"; sourceTree = BUILT_PRODUCTS_DIR; };
		6D10F4F6240FDF5914D19411 /* libPods-Trail of History.a */ = {isa = PBXFileReference; explicitFileType = archive.ar; includeInIndex = 0; path = "libPods-Trail of History.a"; sourceTree = BUILT_PRODUCTS_DIR; };
		6FC7F45E7A9B75300AA3E164 /* Pods-Trail of History.debug.xcconfig */ = {isa = PBXFileReference; includeInIndex = 1; lastKnownFileType = text.xcconfig; name = "Pods-Trail of History.debug.xcconfig"; path = "Pods/Target Support Files/Pods-Trail of History/Pods-Trail of History.debug.xcconfig"; sourceTree = "<group>"; };
		E1110D441D83564E00CA5135 /* OptionsViewController.swift */ = {isa = PBXFileReference; fileEncoding = 4; lastKnownFileType = sourcecode.swift; name = OptionsViewController.swift; path = "Map View/OptionsViewController.swift"; sourceTree = "<group>"; };
		E114C71D1D7B0D8500BE3984 /* PointOfInterestCard.swift */ = {isa = PBXFileReference; fileEncoding = 4; lastKnownFileType = sourcecode.swift; name = PointOfInterestCard.swift; path = "Map View/PointOfInterestCard.swift"; sourceTree = "<group>"; };
		E1377F491F62E73600C95F39 /* PageViewController.swift */ = {isa = PBXFileReference; fileEncoding = 4; lastKnownFileType = sourcecode.swift; path = PageViewController.swift; sourceTree = "<group>"; };
		E139E73A1D9BE6FA0057F20D /* CardCollectionLayout.swift */ = {isa = PBXFileReference; fileEncoding = 4; lastKnownFileType = sourcecode.swift; name = CardCollectionLayout.swift; path = "Map View/CardCollectionLayout.swift"; sourceTree = "<group>"; };
		E13F30871E0D53CD009EBF74 /* PointOfInterest.swift */ = {isa = PBXFileReference; fileEncoding = 4; lastKnownFileType = sourcecode.swift; name = PointOfInterest.swift; path = Common/PointOfInterest.swift; sourceTree = "<group>"; };
		E14F8F271E044C7F004AB05D /* GoogleService-Info.plist */ = {isa = PBXFileReference; fileEncoding = 4; lastKnownFileType = text.plist.xml; name = "GoogleService-Info.plist"; path = "Resources/GoogleService-Info.plist"; sourceTree = "<group>"; };
		E150ED421D763903006C40AF /* Archer-Medium.otf */ = {isa = PBXFileReference; lastKnownFileType = file; name = "Archer-Medium.otf"; path = "Resources/Archer-Medium.otf"; sourceTree = "<group>"; };
		E15B51471F8D50F6009B8E38 /* Path.swift */ = {isa = PBXFileReference; fileEncoding = 4; lastKnownFileType = sourcecode.swift; path = Path.swift; sourceTree = "<group>"; };
		E1823A361E14635600498A92 /* AlertUser.swift */ = {isa = PBXFileReference; fileEncoding = 4; lastKnownFileType = sourcecode.swift; name = AlertUser.swift; path = Common/UI/AlertUser.swift; sourceTree = "<group>"; };
		E1823A401E1548EC00498A92 /* PointOfInterestCell.swift */ = {isa = PBXFileReference; fileEncoding = 4; lastKnownFileType = sourcecode.swift; name = PointOfInterestCell.swift; path = "List View/PointOfInterestCell.swift"; sourceTree = "<group>"; };
		E1823A411E1548EC00498A92 /* PointOfInterestCell.xib */ = {isa = PBXFileReference; fileEncoding = 4; lastKnownFileType = file.xib; name = PointOfInterestCell.xib; path = "List View/PointOfInterestCell.xib"; sourceTree = "<group>"; };
		E1823A451E15500500498A92 /* List.storyboard */ = {isa = PBXFileReference; fileEncoding = 4; lastKnownFileType = file.storyboard; name = List.storyboard; path = "List View/List.storyboard"; sourceTree = "<group>"; };
		E1823A471E1550D100498A92 /* LaunchScreen.storyboard */ = {isa = PBXFileReference; fileEncoding = 4; lastKnownFileType = file.storyboard; name = LaunchScreen.storyboard; path = Base.lproj/LaunchScreen.storyboard; sourceTree = "<group>"; };
		E1823A491E155C0D00498A92 /* ListViewController.swift */ = {isa = PBXFileReference; fileEncoding = 4; lastKnownFileType = sourcecode.swift; name = ListViewController.swift; path = "List View/ListViewController.swift"; sourceTree = "<group>"; };
		E1823A4B1E15602F00498A92 /* NavigationController.swift */ = {isa = PBXFileReference; fileEncoding = 4; lastKnownFileType = sourcecode.swift; path = NavigationController.swift; sourceTree = "<group>"; };
		E1823A4D1E16BD4900498A92 /* UIWindowExtensions.swift */ = {isa = PBXFileReference; fileEncoding = 4; lastKnownFileType = sourcecode.swift; name = UIWindowExtensions.swift; path = Common/UI/UIWindowExtensions.swift; sourceTree = "<group>"; };
		E1823A511E170BE100498A92 /* DetailView.swift */ = {isa = PBXFileReference; fileEncoding = 4; lastKnownFileType = sourcecode.swift; name = DetailView.swift; path = "Detail View/DetailView.swift"; sourceTree = "<group>"; };
		E182C6FA1F7680B2003903CE /* MainPath.json */ = {isa = PBXFileReference; fileEncoding = 4; lastKnownFileType = text.json; name = MainPath.json; path = Data/MainPath.json; sourceTree = SOURCE_ROOT; };
		E1C2383B1D6B28C700A718A8 /* Map.storyboard */ = {isa = PBXFileReference; fileEncoding = 4; lastKnownFileType = file.storyboard; name = Map.storyboard; path = "Map View/Map.storyboard"; sourceTree = "<group>"; };
		E1C2383D1D6B29E900A718A8 /* PointOfInterestCard.xib */ = {isa = PBXFileReference; fileEncoding = 4; lastKnownFileType = file.xib; name = PointOfInterestCard.xib; path = "Map View/PointOfInterestCard.xib"; sourceTree = "<group>"; };
		E1C238451D6B6AFD00A718A8 /* MapViewController.swift */ = {isa = PBXFileReference; fileEncoding = 4; lastKnownFileType = sourcecode.swift; name = MapViewController.swift; path = "Map View/MapViewController.swift"; sourceTree = "<group>"; };
		E1C238651D6C9EF900A718A8 /* MapKit.framework */ = {isa = PBXFileReference; lastKnownFileType = wrapper.framework; name = MapKit.framework; path = System/Library/Frameworks/MapKit.framework; sourceTree = SDKROOT; };
		E1C238671D6CA65700A718A8 /* UIViewExtensions.swift */ = {isa = PBXFileReference; fileEncoding = 4; lastKnownFileType = sourcecode.swift; name = UIViewExtensions.swift; path = Common/UI/UIViewExtensions.swift; sourceTree = "<group>"; };
		E1CB9AE01F5AB15E00AFA5AE /* VerticonsToolbox.xcodeproj */ = {isa = PBXFileReference; lastKnownFileType = "wrapper.pb-project"; name = VerticonsToolbox.xcodeproj; path = VerticonsToolbox/VerticonsToolbox.xcodeproj; sourceTree = "<group>"; };
		E1D6AA6E1D88D43B002987BA /* UIApplicationExtensions.swift */ = {isa = PBXFileReference; fileEncoding = 4; lastKnownFileType = sourcecode.swift; name = UIApplicationExtensions.swift; path = Common/UI/UIApplicationExtensions.swift; sourceTree = "<group>"; };
		E1DFEBAF1D7663B9007359F4 /* DIN Condensed Bold.ttf */ = {isa = PBXFileReference; lastKnownFileType = file; name = "DIN Condensed Bold.ttf"; path = "Resources/DIN Condensed Bold.ttf"; sourceTree = "<group>"; };
		E1F984E21D6F692D00D28411 /* Title.xib */ = {isa = PBXFileReference; fileEncoding = 4; lastKnownFileType = file.xib; name = Title.xib; path = Common/Title.xib; sourceTree = "<group>"; };
		F31A40223A68496C2A3DC939 /* Pods-Trail of HistoryTests.release.xcconfig */ = {isa = PBXFileReference; includeInIndex = 1; lastKnownFileType = text.xcconfig; name = "Pods-Trail of HistoryTests.release.xcconfig"; path = "Pods/Target Support Files/Pods-Trail of HistoryTests/Pods-Trail of HistoryTests.release.xcconfig"; sourceTree = "<group>"; };
		F5EAD61089994794A61D00C3 /* Pods-Trail of History.release.xcconfig */ = {isa = PBXFileReference; includeInIndex = 1; lastKnownFileType = text.xcconfig; name = "Pods-Trail of History.release.xcconfig"; path = "Pods/Target Support Files/Pods-Trail of History/Pods-Trail of History.release.xcconfig"; sourceTree = "<group>"; };
		FE9B8903B8591A989D29C6EF /* Pods-Trail of HistoryUITests.debug.xcconfig */ = {isa = PBXFileReference; includeInIndex = 1; lastKnownFileType = text.xcconfig; name = "Pods-Trail of HistoryUITests.debug.xcconfig"; path = "Pods/Target Support Files/Pods-Trail of HistoryUITests/Pods-Trail of HistoryUITests.debug.xcconfig"; sourceTree = "<group>"; };
/* End PBXFileReference section */

/* Begin PBXFrameworksBuildPhase section */
		4D8B76451C97944300A70B71 /* Frameworks */ = {
			isa = PBXFrameworksBuildPhase;
			buildActionMask = 2147483647;
			files = (
				E1CB9AEA1F5AB65D00AFA5AE /* VerticonsToolbox.framework in Frameworks */,
				E1C238661D6C9EF900A718A8 /* MapKit.framework in Frameworks */,
				4D68CDFF8772D4729ECF188A /* libPods-Trail of History.a in Frameworks */,
			);
			runOnlyForDeploymentPostprocessing = 0;
		};
		4D8B765C1C97944300A70B71 /* Frameworks */ = {
			isa = PBXFrameworksBuildPhase;
			buildActionMask = 2147483647;
			files = (
				4422897E3CD919446A4E8B04 /* libPods-Trail of HistoryTests.a in Frameworks */,
			);
			runOnlyForDeploymentPostprocessing = 0;
		};
		4D8B76671C97944300A70B71 /* Frameworks */ = {
			isa = PBXFrameworksBuildPhase;
			buildActionMask = 2147483647;
			files = (
				AFC8D1CE24F14651A7D54F8C /* libPods-Trail of HistoryUITests.a in Frameworks */,
			);
			runOnlyForDeploymentPostprocessing = 0;
		};
/* End PBXFrameworksBuildPhase section */

/* Begin PBXGroup section */
		0C01F50A1D63DDCB005C6284 /* Resources */ = {
			isa = PBXGroup;
			children = (
				E182C6FA1F7680B2003903CE /* MainPath.json */,
				E14F8F271E044C7F004AB05D /* GoogleService-Info.plist */,
				4D8B76551C97944300A70B71 /* Assets.xcassets */,
				E150ED421D763903006C40AF /* Archer-Medium.otf */,
				E1DFEBAF1D7663B9007359F4 /* DIN Condensed Bold.ttf */,
			);
			name = Resources;
			sourceTree = "<group>";
		};
		0C01F50C1D63DDF1005C6284 /* Map View */ = {
			isa = PBXGroup;
			children = (
				E139E73A1D9BE6FA0057F20D /* CardCollectionLayout.swift */,
				E1C2383B1D6B28C700A718A8 /* Map.storyboard */,
				E1C238451D6B6AFD00A718A8 /* MapViewController.swift */,
				E1110D441D83564E00CA5135 /* OptionsViewController.swift */,
				E1C2383D1D6B29E900A718A8 /* PointOfInterestCard.xib */,
				E114C71D1D7B0D8500BE3984 /* PointOfInterestCard.swift */,
				E15B51471F8D50F6009B8E38 /* Path.swift */,
			);
			name = "Map View";
			sourceTree = "<group>";
		};
		0C01F50D1D63DDF6005C6284 /* Detail View */ = {
			isa = PBXGroup;
			children = (
				E1823A511E170BE100498A92 /* DetailView.swift */,
			);
			name = "Detail View";
			sourceTree = "<group>";
		};
		0C01F5141D63E135005C6284 /* Common */ = {
			isa = PBXGroup;
			children = (
				E1F984E21D6F692D00D28411 /* Title.xib */,
				E13F30871E0D53CD009EBF74 /* PointOfInterest.swift */,
				0C01F5151D63E144005C6284 /* UI */,
			);
			name = Common;
			sourceTree = "<group>";
		};
		0C01F5151D63E144005C6284 /* UI */ = {
			isa = PBXGroup;
			children = (
				0C01F5161D63E163005C6284 /* UIColor+CustomColors.swift */,
				E1C238671D6CA65700A718A8 /* UIViewExtensions.swift */,
				E1D6AA6E1D88D43B002987BA /* UIApplicationExtensions.swift */,
				E1823A361E14635600498A92 /* AlertUser.swift */,
				E1823A4D1E16BD4900498A92 /* UIWindowExtensions.swift */,
			);
			name = UI;
			sourceTree = "<group>";
		};
		20D82087A7E17A0C89BC7141 /* Pods */ = {
			isa = PBXGroup;
			children = (
				6FC7F45E7A9B75300AA3E164 /* Pods-Trail of History.debug.xcconfig */,
				F5EAD61089994794A61D00C3 /* Pods-Trail of History.release.xcconfig */,
				2679BFF5225141B4C8CA3B32 /* Pods-Trail of HistoryTests.debug.xcconfig */,
				F31A40223A68496C2A3DC939 /* Pods-Trail of HistoryTests.release.xcconfig */,
				FE9B8903B8591A989D29C6EF /* Pods-Trail of HistoryUITests.debug.xcconfig */,
				3E23F6EF68C01C921852F36C /* Pods-Trail of HistoryUITests.release.xcconfig */,
			);
			name = Pods;
			sourceTree = "<group>";
		};
		4D8B763F1C97944300A70B71 = {
			isa = PBXGroup;
			children = (
				E1CB9AE01F5AB15E00AFA5AE /* VerticonsToolbox.xcodeproj */,
				4D8B764A1C97944300A70B71 /* Trail of History */,
				4D8B76621C97944300A70B71 /* Trail of HistoryTests */,
				4D8B766D1C97944300A70B71 /* Trail of HistoryUITests */,
				4D8B76491C97944300A70B71 /* Products */,
				20D82087A7E17A0C89BC7141 /* Pods */,
				896E85D2910027162145AD8E /* Frameworks */,
			);
			sourceTree = "<group>";
		};
		4D8B76491C97944300A70B71 /* Products */ = {
			isa = PBXGroup;
			children = (
				4D8B76481C97944300A70B71 /* Trail of History.app */,
				4D8B765F1C97944300A70B71 /* Trail of HistoryTests.xctest */,
				4D8B766A1C97944300A70B71 /* Trail of HistoryUITests.xctest */,
			);
			name = Products;
			sourceTree = "<group>";
		};
		4D8B764A1C97944300A70B71 /* Trail of History */ = {
			isa = PBXGroup;
			children = (
				4D8B764B1C97944300A70B71 /* AppDelegate.swift */,
				E1823A471E1550D100498A92 /* LaunchScreen.storyboard */,
				0C01F5121D63E0D1005C6284 /* Main.storyboard */,
				E1823A4B1E15602F00498A92 /* NavigationController.swift */,
				E1377F491F62E73600C95F39 /* PageViewController.swift */,
				0C01F50D1D63DDF6005C6284 /* Detail View */,
				4D8B765A1C97944300A70B71 /* Info.plist */,
				E1823A3E1E1548D300498A92 /* List View */,
				0C01F50C1D63DDF1005C6284 /* Map View */,
				0C01F50A1D63DDCB005C6284 /* Resources */,
				0C01F5141D63E135005C6284 /* Common */,
				4D8B76521C97944300A70B71 /* Trail_of_History.xcdatamodeld */,
			);
			path = "Trail of History";
			sourceTree = "<group>";
		};
		4D8B76621C97944300A70B71 /* Trail of HistoryTests */ = {
			isa = PBXGroup;
			children = (
				4D8B76631C97944300A70B71 /* Trail_of_HistoryTests.swift */,
				4D8B76651C97944300A70B71 /* Info.plist */,
			);
			path = "Trail of HistoryTests";
			sourceTree = "<group>";
		};
		4D8B766D1C97944300A70B71 /* Trail of HistoryUITests */ = {
			isa = PBXGroup;
			children = (
				4D8B766E1C97944300A70B71 /* Trail_of_HistoryUITests.swift */,
				4D8B76701C97944300A70B71 /* Info.plist */,
			);
			path = "Trail of HistoryUITests";
			sourceTree = "<group>";
		};
		896E85D2910027162145AD8E /* Frameworks */ = {
			isa = PBXGroup;
			children = (
				E1C238651D6C9EF900A718A8 /* MapKit.framework */,
				6D10F4F6240FDF5914D19411 /* libPods-Trail of History.a */,
				663E40419345BFAA966D6C06 /* libPods-Trail of HistoryTests.a */,
				1294D643F85DA3FD6135D9B1 /* libPods-Trail of HistoryUITests.a */,
			);
			name = Frameworks;
			sourceTree = "<group>";
		};
		E1823A3E1E1548D300498A92 /* List View */ = {
			isa = PBXGroup;
			children = (
				E1823A451E15500500498A92 /* List.storyboard */,
				E1823A491E155C0D00498A92 /* ListViewController.swift */,
				E1823A401E1548EC00498A92 /* PointOfInterestCell.swift */,
				E1823A411E1548EC00498A92 /* PointOfInterestCell.xib */,
			);
			name = "List View";
			sourceTree = "<group>";
		};
		E1CB9AE11F5AB15E00AFA5AE /* Products */ = {
			isa = PBXGroup;
			children = (
				E1CB9AE51F5AB15E00AFA5AE /* VerticonsToolbox.framework */,
			);
			name = Products;
			sourceTree = "<group>";
		};
/* End PBXGroup section */

/* Begin PBXNativeTarget section */
		4D8B76471C97944300A70B71 /* Trail of History */ = {
			isa = PBXNativeTarget;
			buildConfigurationList = 4D8B76731C97944300A70B71 /* Build configuration list for PBXNativeTarget "Trail of History" */;
			buildPhases = (
				BD213B514E8AC991F7D0A5B9 /* [CP] Check Pods Manifest.lock */,
				4D8B76441C97944300A70B71 /* Sources */,
				4D8B76451C97944300A70B71 /* Frameworks */,
				4D8B76461C97944300A70B71 /* Resources */,
				0BE145A0735A724939A18E73 /* [CP] Embed Pods Frameworks */,
				AF57DBF56DC8F390E826E88A /* [CP] Copy Pods Resources */,
				E1CB9AEE1F5AB65D00AFA5AE /* Embed Frameworks */,
			);
			buildRules = (
			);
			dependencies = (
				E1CB9AE91F5AB5EE00AFA5AE /* PBXTargetDependency */,
				E1CB9AED1F5AB65D00AFA5AE /* PBXTargetDependency */,
			);
			name = "Trail of History";
			productName = "Trail of History";
			productReference = 4D8B76481C97944300A70B71 /* Trail of History.app */;
			productType = "com.apple.product-type.application";
		};
		4D8B765E1C97944300A70B71 /* Trail of HistoryTests */ = {
			isa = PBXNativeTarget;
			buildConfigurationList = 4D8B76761C97944300A70B71 /* Build configuration list for PBXNativeTarget "Trail of HistoryTests" */;
			buildPhases = (
				AE9787A3E748272F0A904FBE /* [CP] Check Pods Manifest.lock */,
				4D8B765B1C97944300A70B71 /* Sources */,
				4D8B765C1C97944300A70B71 /* Frameworks */,
				4D8B765D1C97944300A70B71 /* Resources */,
				216D8E3BE706360735E3DA2F /* [CP] Embed Pods Frameworks */,
				1A63F315B698C0208E1D6D65 /* [CP] Copy Pods Resources */,
			);
			buildRules = (
			);
			dependencies = (
				4D8B76611C97944300A70B71 /* PBXTargetDependency */,
			);
			name = "Trail of HistoryTests";
			productName = "Trail of HistoryTests";
			productReference = 4D8B765F1C97944300A70B71 /* Trail of HistoryTests.xctest */;
			productType = "com.apple.product-type.bundle.unit-test";
		};
		4D8B76691C97944300A70B71 /* Trail of HistoryUITests */ = {
			isa = PBXNativeTarget;
			buildConfigurationList = 4D8B76791C97944300A70B71 /* Build configuration list for PBXNativeTarget "Trail of HistoryUITests" */;
			buildPhases = (
				F7AF1FEC6313591423A350E9 /* [CP] Check Pods Manifest.lock */,
				4D8B76661C97944300A70B71 /* Sources */,
				4D8B76671C97944300A70B71 /* Frameworks */,
				4D8B76681C97944300A70B71 /* Resources */,
				363C98E482FB1B0896008BEC /* [CP] Copy Pods Resources */,
				AAAB9B5A75C96FBEB566D2A7 /* [CP] Embed Pods Frameworks */,
			);
			buildRules = (
			);
			dependencies = (
				4D8B766C1C97944300A70B71 /* PBXTargetDependency */,
			);
			name = "Trail of HistoryUITests";
			productName = "Trail of HistoryUITests";
			productReference = 4D8B766A1C97944300A70B71 /* Trail of HistoryUITests.xctest */;
			productType = "com.apple.product-type.bundle.ui-testing";
		};
/* End PBXNativeTarget section */

/* Begin PBXProject section */
		4D8B76401C97944300A70B71 /* Project object */ = {
			isa = PBXProject;
			attributes = {
				LastSwiftUpdateCheck = 0720;
				LastUpgradeCheck = 0800;
				ORGANIZATIONNAME = "CLT Mobile";
				TargetAttributes = {
					4D8B76471C97944300A70B71 = {
						CreatedOnToolsVersion = 7.2.1;
						DevelopmentTeam = UR6MRM7GRB;
						LastSwiftMigration = 0800;
					};
					4D8B765E1C97944300A70B71 = {
						CreatedOnToolsVersion = 7.2.1;
						LastSwiftMigration = 0800;
						TestTargetID = 4D8B76471C97944300A70B71;
					};
					4D8B76691C97944300A70B71 = {
						CreatedOnToolsVersion = 7.2.1;
						LastSwiftMigration = 0800;
						TestTargetID = 4D8B76471C97944300A70B71;
					};
				};
			};
			buildConfigurationList = 4D8B76431C97944300A70B71 /* Build configuration list for PBXProject "Trail of History" */;
			compatibilityVersion = "Xcode 3.2";
			developmentRegion = English;
			hasScannedForEncodings = 0;
			knownRegions = (
				en,
				Base,
			);
			mainGroup = 4D8B763F1C97944300A70B71;
			productRefGroup = 4D8B76491C97944300A70B71 /* Products */;
			projectDirPath = "";
			projectReferences = (
				{
					ProductGroup = E1CB9AE11F5AB15E00AFA5AE /* Products */;
					ProjectRef = E1CB9AE01F5AB15E00AFA5AE /* VerticonsToolbox.xcodeproj */;
				},
			);
			projectRoot = "";
			targets = (
				4D8B76471C97944300A70B71 /* Trail of History */,
				4D8B765E1C97944300A70B71 /* Trail of HistoryTests */,
				4D8B76691C97944300A70B71 /* Trail of HistoryUITests */,
			);
		};
/* End PBXProject section */

/* Begin PBXReferenceProxy section */
		E1CB9AE51F5AB15E00AFA5AE /* VerticonsToolbox.framework */ = {
			isa = PBXReferenceProxy;
			fileType = wrapper.framework;
			path = VerticonsToolbox.framework;
			remoteRef = E1CB9AE41F5AB15E00AFA5AE /* PBXContainerItemProxy */;
			sourceTree = BUILT_PRODUCTS_DIR;
		};
/* End PBXReferenceProxy section */

/* Begin PBXResourcesBuildPhase section */
		4D8B76461C97944300A70B71 /* Resources */ = {
			isa = PBXResourcesBuildPhase;
			buildActionMask = 2147483647;
			files = (
				E182C6FC1F7680B2003903CE /* MainPath.json in Resources */,
				E14F8F281E044C7F004AB05D /* GoogleService-Info.plist in Resources */,
				4D8B76561C97944300A70B71 /* Assets.xcassets in Resources */,
				0C01F5131D63E0D1005C6284 /* Main.storyboard in Resources */,
				E1823A441E1548EC00498A92 /* PointOfInterestCell.xib in Resources */,
				E1C2383F1D6B29E900A718A8 /* PointOfInterestCard.xib in Resources */,
				E1F984E31D6F692D00D28411 /* Title.xib in Resources */,
				E1823A461E15500500498A92 /* List.storyboard in Resources */,
				E1DFEBB01D7663B9007359F4 /* DIN Condensed Bold.ttf in Resources */,
				E1C2383C1D6B28C700A718A8 /* Map.storyboard in Resources */,
				E1823A481E1550D100498A92 /* LaunchScreen.storyboard in Resources */,
				E150ED441D763903006C40AF /* Archer-Medium.otf in Resources */,
			);
			runOnlyForDeploymentPostprocessing = 0;
		};
		4D8B765D1C97944300A70B71 /* Resources */ = {
			isa = PBXResourcesBuildPhase;
			buildActionMask = 2147483647;
			files = (
			);
			runOnlyForDeploymentPostprocessing = 0;
		};
		4D8B76681C97944300A70B71 /* Resources */ = {
			isa = PBXResourcesBuildPhase;
			buildActionMask = 2147483647;
			files = (
			);
			runOnlyForDeploymentPostprocessing = 0;
		};
/* End PBXResourcesBuildPhase section */

/* Begin PBXShellScriptBuildPhase section */
		0BE145A0735A724939A18E73 /* [CP] Embed Pods Frameworks */ = {
			isa = PBXShellScriptBuildPhase;
			buildActionMask = 2147483647;
			files = (
			);
			inputPaths = (
			);
			name = "[CP] Embed Pods Frameworks";
			outputPaths = (
			);
			runOnlyForDeploymentPostprocessing = 0;
			shellPath = /bin/sh;
			shellScript = "\"${SRCROOT}/Pods/Target Support Files/Pods-Trail of History/Pods-Trail of History-frameworks.sh\"\n";
			showEnvVarsInLog = 0;
		};
		1A63F315B698C0208E1D6D65 /* [CP] Copy Pods Resources */ = {
			isa = PBXShellScriptBuildPhase;
			buildActionMask = 2147483647;
			files = (
			);
			inputPaths = (
			);
			name = "[CP] Copy Pods Resources";
			outputPaths = (
			);
			runOnlyForDeploymentPostprocessing = 0;
			shellPath = /bin/sh;
			shellScript = "\"${SRCROOT}/Pods/Target Support Files/Pods-Trail of HistoryTests/Pods-Trail of HistoryTests-resources.sh\"\n";
			showEnvVarsInLog = 0;
		};
		216D8E3BE706360735E3DA2F /* [CP] Embed Pods Frameworks */ = {
			isa = PBXShellScriptBuildPhase;
			buildActionMask = 2147483647;
			files = (
			);
			inputPaths = (
			);
			name = "[CP] Embed Pods Frameworks";
			outputPaths = (
			);
			runOnlyForDeploymentPostprocessing = 0;
			shellPath = /bin/sh;
			shellScript = "\"${SRCROOT}/Pods/Target Support Files/Pods-Trail of HistoryTests/Pods-Trail of HistoryTests-frameworks.sh\"\n";
			showEnvVarsInLog = 0;
		};
		363C98E482FB1B0896008BEC /* [CP] Copy Pods Resources */ = {
			isa = PBXShellScriptBuildPhase;
			buildActionMask = 2147483647;
			files = (
			);
			inputPaths = (
			);
			name = "[CP] Copy Pods Resources";
			outputPaths = (
			);
			runOnlyForDeploymentPostprocessing = 0;
			shellPath = /bin/sh;
			shellScript = "\"${SRCROOT}/Pods/Target Support Files/Pods-Trail of HistoryUITests/Pods-Trail of HistoryUITests-resources.sh\"\n";
			showEnvVarsInLog = 0;
		};
		AAAB9B5A75C96FBEB566D2A7 /* [CP] Embed Pods Frameworks */ = {
			isa = PBXShellScriptBuildPhase;
			buildActionMask = 2147483647;
			files = (
			);
			inputPaths = (
			);
			name = "[CP] Embed Pods Frameworks";
			outputPaths = (
			);
			runOnlyForDeploymentPostprocessing = 0;
			shellPath = /bin/sh;
			shellScript = "\"${SRCROOT}/Pods/Target Support Files/Pods-Trail of HistoryUITests/Pods-Trail of HistoryUITests-frameworks.sh\"\n";
			showEnvVarsInLog = 0;
		};
		AE9787A3E748272F0A904FBE /* [CP] Check Pods Manifest.lock */ = {
			isa = PBXShellScriptBuildPhase;
			buildActionMask = 2147483647;
			files = (
			);
			inputPaths = (
			);
			name = "[CP] Check Pods Manifest.lock";
			outputPaths = (
			);
			runOnlyForDeploymentPostprocessing = 0;
			shellPath = /bin/sh;
			shellScript = "diff \"${PODS_ROOT}/../Podfile.lock\" \"${PODS_ROOT}/Manifest.lock\" > /dev/null\nif [ $? != 0 ] ; then\n    # print error to STDERR\n    echo \"error: The sandbox is not in sync with the Podfile.lock. Run 'pod install' or update your CocoaPods installation.\" >&2\n    exit 1\nfi\n";
			showEnvVarsInLog = 0;
		};
		AF57DBF56DC8F390E826E88A /* [CP] Copy Pods Resources */ = {
			isa = PBXShellScriptBuildPhase;
			buildActionMask = 2147483647;
			files = (
			);
			inputPaths = (
			);
			name = "[CP] Copy Pods Resources";
			outputPaths = (
			);
			runOnlyForDeploymentPostprocessing = 0;
			shellPath = /bin/sh;
			shellScript = "\"${SRCROOT}/Pods/Target Support Files/Pods-Trail of History/Pods-Trail of History-resources.sh\"\n";
			showEnvVarsInLog = 0;
		};
		BD213B514E8AC991F7D0A5B9 /* [CP] Check Pods Manifest.lock */ = {
			isa = PBXShellScriptBuildPhase;
			buildActionMask = 2147483647;
			files = (
			);
			inputPaths = (
			);
			name = "[CP] Check Pods Manifest.lock";
			outputPaths = (
			);
			runOnlyForDeploymentPostprocessing = 0;
			shellPath = /bin/sh;
			shellScript = "diff \"${PODS_ROOT}/../Podfile.lock\" \"${PODS_ROOT}/Manifest.lock\" > /dev/null\nif [ $? != 0 ] ; then\n    # print error to STDERR\n    echo \"error: The sandbox is not in sync with the Podfile.lock. Run 'pod install' or update your CocoaPods installation.\" >&2\n    exit 1\nfi\n";
			showEnvVarsInLog = 0;
		};
		F7AF1FEC6313591423A350E9 /* [CP] Check Pods Manifest.lock */ = {
			isa = PBXShellScriptBuildPhase;
			buildActionMask = 2147483647;
			files = (
			);
			inputPaths = (
			);
			name = "[CP] Check Pods Manifest.lock";
			outputPaths = (
			);
			runOnlyForDeploymentPostprocessing = 0;
			shellPath = /bin/sh;
			shellScript = "diff \"${PODS_ROOT}/../Podfile.lock\" \"${PODS_ROOT}/Manifest.lock\" > /dev/null\nif [ $? != 0 ] ; then\n    # print error to STDERR\n    echo \"error: The sandbox is not in sync with the Podfile.lock. Run 'pod install' or update your CocoaPods installation.\" >&2\n    exit 1\nfi\n";
			showEnvVarsInLog = 0;
		};
/* End PBXShellScriptBuildPhase section */

/* Begin PBXSourcesBuildPhase section */
		4D8B76441C97944300A70B71 /* Sources */ = {
			isa = PBXSourcesBuildPhase;
			buildActionMask = 2147483647;
			files = (
				E139E73B1D9BE6FA0057F20D /* CardCollectionLayout.swift in Sources */,
				E1C238681D6CA65700A718A8 /* UIViewExtensions.swift in Sources */,
				E1377F4B1F62E73600C95F39 /* PageViewController.swift in Sources */,
				E1823A4E1E16BD4900498A92 /* UIWindowExtensions.swift in Sources */,
				E114C71E1D7B0D8500BE3984 /* PointOfInterestCard.swift in Sources */,
				E1823A371E14635600498A92 /* AlertUser.swift in Sources */,
				4D8B76541C97944300A70B71 /* Trail_of_History.xcdatamodeld in Sources */,
				E1823A4C1E15602F00498A92 /* NavigationController.swift in Sources */,
				E1823A521E170BE100498A92 /* DetailView.swift in Sources */,
				E13F30881E0D53CD009EBF74 /* PointOfInterest.swift in Sources */,
				E1D6AA6F1D88D43B002987BA /* UIApplicationExtensions.swift in Sources */,
				0C01F5171D63E163005C6284 /* UIColor+CustomColors.swift in Sources */,
				E1823A4A1E155C0D00498A92 /* ListViewController.swift in Sources */,
				4D8B764C1C97944300A70B71 /* AppDelegate.swift in Sources */,
				E1C238461D6B6AFD00A718A8 /* MapViewController.swift in Sources */,
				E1110D461D83564E00CA5135 /* OptionsViewController.swift in Sources */,
				E15B51481F8D50F6009B8E38 /* Path.swift in Sources */,
				E1823A431E1548EC00498A92 /* PointOfInterestCell.swift in Sources */,
			);
			runOnlyForDeploymentPostprocessing = 0;
		};
		4D8B765B1C97944300A70B71 /* Sources */ = {
			isa = PBXSourcesBuildPhase;
			buildActionMask = 2147483647;
			files = (
				4D8B76641C97944300A70B71 /* Trail_of_HistoryTests.swift in Sources */,
			);
			runOnlyForDeploymentPostprocessing = 0;
		};
		4D8B76661C97944300A70B71 /* Sources */ = {
			isa = PBXSourcesBuildPhase;
			buildActionMask = 2147483647;
			files = (
				4D8B766F1C97944300A70B71 /* Trail_of_HistoryUITests.swift in Sources */,
			);
			runOnlyForDeploymentPostprocessing = 0;
		};
/* End PBXSourcesBuildPhase section */

/* Begin PBXTargetDependency section */
		4D8B76611C97944300A70B71 /* PBXTargetDependency */ = {
			isa = PBXTargetDependency;
			target = 4D8B76471C97944300A70B71 /* Trail of History */;
			targetProxy = 4D8B76601C97944300A70B71 /* PBXContainerItemProxy */;
		};
		4D8B766C1C97944300A70B71 /* PBXTargetDependency */ = {
			isa = PBXTargetDependency;
			target = 4D8B76471C97944300A70B71 /* Trail of History */;
			targetProxy = 4D8B766B1C97944300A70B71 /* PBXContainerItemProxy */;
		};
		E1CB9AE91F5AB5EE00AFA5AE /* PBXTargetDependency */ = {
			isa = PBXTargetDependency;
			name = VerticonsToolbox;
			targetProxy = E1CB9AE81F5AB5EE00AFA5AE /* PBXContainerItemProxy */;
		};
		E1CB9AED1F5AB65D00AFA5AE /* PBXTargetDependency */ = {
			isa = PBXTargetDependency;
			name = VerticonsToolbox;
			targetProxy = E1CB9AEC1F5AB65D00AFA5AE /* PBXContainerItemProxy */;
		};
/* End PBXTargetDependency section */

/* Begin XCBuildConfiguration section */
		4D8B76711C97944300A70B71 /* Debug */ = {
			isa = XCBuildConfiguration;
			buildSettings = {
				ALWAYS_SEARCH_USER_PATHS = NO;
				CLANG_CXX_LANGUAGE_STANDARD = "gnu++0x";
				CLANG_CXX_LIBRARY = "libc++";
				CLANG_ENABLE_MODULES = YES;
				CLANG_ENABLE_OBJC_ARC = YES;
				CLANG_WARN_BOOL_CONVERSION = YES;
				CLANG_WARN_CONSTANT_CONVERSION = YES;
				CLANG_WARN_DIRECT_OBJC_ISA_USAGE = YES_ERROR;
				CLANG_WARN_EMPTY_BODY = YES;
				CLANG_WARN_ENUM_CONVERSION = YES;
				CLANG_WARN_INFINITE_RECURSION = YES;
				CLANG_WARN_INT_CONVERSION = YES;
				CLANG_WARN_OBJC_ROOT_CLASS = YES_ERROR;
				CLANG_WARN_SUSPICIOUS_MOVE = YES;
				CLANG_WARN_UNREACHABLE_CODE = YES;
				CLANG_WARN__DUPLICATE_METHOD_MATCH = YES;
				"CODE_SIGN_IDENTITY[sdk=iphoneos*]" = "iPhone Developer";
				COPY_PHASE_STRIP = NO;
				DEBUG_INFORMATION_FORMAT = dwarf;
				ENABLE_STRICT_OBJC_MSGSEND = YES;
				ENABLE_TESTABILITY = YES;
				GCC_C_LANGUAGE_STANDARD = gnu99;
				GCC_DYNAMIC_NO_PIC = NO;
				GCC_NO_COMMON_BLOCKS = YES;
				GCC_OPTIMIZATION_LEVEL = 0;
				GCC_PREPROCESSOR_DEFINITIONS = (
					"DEBUG=1",
					"$(inherited)",
				);
				GCC_WARN_64_TO_32_BIT_CONVERSION = YES;
				GCC_WARN_ABOUT_RETURN_TYPE = YES_ERROR;
				GCC_WARN_UNDECLARED_SELECTOR = YES;
				GCC_WARN_UNINITIALIZED_AUTOS = YES_AGGRESSIVE;
				GCC_WARN_UNUSED_FUNCTION = YES;
				GCC_WARN_UNUSED_VARIABLE = YES;
				IPHONEOS_DEPLOYMENT_TARGET = 9.2;
				MTL_ENABLE_DEBUG_INFO = YES;
				ONLY_ACTIVE_ARCH = YES;
				SDKROOT = iphoneos;
				SWIFT_OPTIMIZATION_LEVEL = "-Onone";
				TARGETED_DEVICE_FAMILY = "1,2";
			};
			name = Debug;
		};
		4D8B76721C97944300A70B71 /* Release */ = {
			isa = XCBuildConfiguration;
			buildSettings = {
				ALWAYS_SEARCH_USER_PATHS = NO;
				CLANG_CXX_LANGUAGE_STANDARD = "gnu++0x";
				CLANG_CXX_LIBRARY = "libc++";
				CLANG_ENABLE_MODULES = YES;
				CLANG_ENABLE_OBJC_ARC = YES;
				CLANG_WARN_BOOL_CONVERSION = YES;
				CLANG_WARN_CONSTANT_CONVERSION = YES;
				CLANG_WARN_DIRECT_OBJC_ISA_USAGE = YES_ERROR;
				CLANG_WARN_EMPTY_BODY = YES;
				CLANG_WARN_ENUM_CONVERSION = YES;
				CLANG_WARN_INFINITE_RECURSION = YES;
				CLANG_WARN_INT_CONVERSION = YES;
				CLANG_WARN_OBJC_ROOT_CLASS = YES_ERROR;
				CLANG_WARN_SUSPICIOUS_MOVE = YES;
				CLANG_WARN_UNREACHABLE_CODE = YES;
				CLANG_WARN__DUPLICATE_METHOD_MATCH = YES;
				"CODE_SIGN_IDENTITY[sdk=iphoneos*]" = "iPhone Developer";
				COPY_PHASE_STRIP = NO;
				DEBUG_INFORMATION_FORMAT = "dwarf-with-dsym";
				ENABLE_NS_ASSERTIONS = NO;
				ENABLE_STRICT_OBJC_MSGSEND = YES;
				GCC_C_LANGUAGE_STANDARD = gnu99;
				GCC_NO_COMMON_BLOCKS = YES;
				GCC_WARN_64_TO_32_BIT_CONVERSION = YES;
				GCC_WARN_ABOUT_RETURN_TYPE = YES_ERROR;
				GCC_WARN_UNDECLARED_SELECTOR = YES;
				GCC_WARN_UNINITIALIZED_AUTOS = YES_AGGRESSIVE;
				GCC_WARN_UNUSED_FUNCTION = YES;
				GCC_WARN_UNUSED_VARIABLE = YES;
				IPHONEOS_DEPLOYMENT_TARGET = 9.2;
				MTL_ENABLE_DEBUG_INFO = NO;
				SDKROOT = iphoneos;
				SWIFT_OPTIMIZATION_LEVEL = "-Owholemodule";
				TARGETED_DEVICE_FAMILY = "1,2";
				VALIDATE_PRODUCT = YES;
			};
			name = Release;
		};
		4D8B76741C97944300A70B71 /* Debug */ = {
			isa = XCBuildConfiguration;
			baseConfigurationReference = 6FC7F45E7A9B75300AA3E164 /* Pods-Trail of History.debug.xcconfig */;
			buildSettings = {
				ALWAYS_EMBED_SWIFT_STANDARD_LIBRARIES = YES;
				ASSETCATALOG_COMPILER_APPICON_NAME = AppIcon;
				CODE_SIGN_IDENTITY = "iPhone Developer";
				DEVELOPMENT_TEAM = UR6MRM7GRB;
				INFOPLIST_FILE = "Trail of History/Info.plist";
				IPHONEOS_DEPLOYMENT_TARGET = 10.0;
				LD_RUNPATH_SEARCH_PATHS = "$(inherited) @executable_path/Frameworks";
				PRODUCT_BUNDLE_IDENTIFIER = com.rvaessen.MecklenburgTrailOfHistory;
				PRODUCT_NAME = "$(TARGET_NAME)";
				SWIFT_VERSION = 3.0;
				TARGETED_DEVICE_FAMILY = "1,2";
			};
			name = Debug;
		};
		4D8B76751C97944300A70B71 /* Release */ = {
			isa = XCBuildConfiguration;
			baseConfigurationReference = F5EAD61089994794A61D00C3 /* Pods-Trail of History.release.xcconfig */;
			buildSettings = {
				ALWAYS_EMBED_SWIFT_STANDARD_LIBRARIES = YES;
				ASSETCATALOG_COMPILER_APPICON_NAME = AppIcon;
				CODE_SIGN_IDENTITY = "iPhone Developer";
				DEVELOPMENT_TEAM = UR6MRM7GRB;
				INFOPLIST_FILE = "Trail of History/Info.plist";
				IPHONEOS_DEPLOYMENT_TARGET = 10.0;
				LD_RUNPATH_SEARCH_PATHS = "$(inherited) @executable_path/Frameworks";
				PRODUCT_BUNDLE_IDENTIFIER = com.rvaessen.MecklenburgTrailOfHistory;
				PRODUCT_NAME = "$(TARGET_NAME)";
				SWIFT_VERSION = 3.0;
				TARGETED_DEVICE_FAMILY = "1,2";
			};
			name = Release;
		};
		4D8B76771C97944300A70B71 /* Debug */ = {
			isa = XCBuildConfiguration;
			baseConfigurationReference = 2679BFF5225141B4C8CA3B32 /* Pods-Trail of HistoryTests.debug.xcconfig */;
			buildSettings = {
				BUNDLE_LOADER = "$(TEST_HOST)";
				INFOPLIST_FILE = "Trail of HistoryTests/Info.plist";
				LD_RUNPATH_SEARCH_PATHS = "$(inherited) @executable_path/Frameworks @loader_path/Frameworks";
				PRODUCT_BUNDLE_IDENTIFIER = "com.cltmobile.Trail-of-HistoryTests";
				PRODUCT_NAME = "$(TARGET_NAME)";
				SWIFT_VERSION = 3.0;
				TEST_HOST = "$(BUILT_PRODUCTS_DIR)/Trail of History.app/Trail of History";
			};
			name = Debug;
		};
		4D8B76781C97944300A70B71 /* Release */ = {
			isa = XCBuildConfiguration;
			baseConfigurationReference = F31A40223A68496C2A3DC939 /* Pods-Trail of HistoryTests.release.xcconfig */;
			buildSettings = {
				BUNDLE_LOADER = "$(TEST_HOST)";
				INFOPLIST_FILE = "Trail of HistoryTests/Info.plist";
				LD_RUNPATH_SEARCH_PATHS = "$(inherited) @executable_path/Frameworks @loader_path/Frameworks";
				PRODUCT_BUNDLE_IDENTIFIER = "com.cltmobile.Trail-of-HistoryTests";
				PRODUCT_NAME = "$(TARGET_NAME)";
				SWIFT_VERSION = 3.0;
				TEST_HOST = "$(BUILT_PRODUCTS_DIR)/Trail of History.app/Trail of History";
			};
			name = Release;
		};
		4D8B767A1C97944300A70B71 /* Debug */ = {
			isa = XCBuildConfiguration;
			baseConfigurationReference = FE9B8903B8591A989D29C6EF /* Pods-Trail of HistoryUITests.debug.xcconfig */;
			buildSettings = {
				INFOPLIST_FILE = "Trail of HistoryUITests/Info.plist";
				LD_RUNPATH_SEARCH_PATHS = "$(inherited) @executable_path/Frameworks @loader_path/Frameworks";
				PRODUCT_BUNDLE_IDENTIFIER = "com.cltmobile.Trail-of-HistoryUITests";
				PRODUCT_NAME = "$(TARGET_NAME)";
				SWIFT_VERSION = 3.0;
				TEST_TARGET_NAME = "Trail of History";
				USES_XCTRUNNER = YES;
			};
			name = Debug;
		};
		4D8B767B1C97944300A70B71 /* Release */ = {
			isa = XCBuildConfiguration;
			baseConfigurationReference = 3E23F6EF68C01C921852F36C /* Pods-Trail of HistoryUITests.release.xcconfig */;
			buildSettings = {
				INFOPLIST_FILE = "Trail of HistoryUITests/Info.plist";
				LD_RUNPATH_SEARCH_PATHS = "$(inherited) @executable_path/Frameworks @loader_path/Frameworks";
				PRODUCT_BUNDLE_IDENTIFIER = "com.cltmobile.Trail-of-HistoryUITests";
				PRODUCT_NAME = "$(TARGET_NAME)";
				SWIFT_VERSION = 3.0;
				TEST_TARGET_NAME = "Trail of History";
				USES_XCTRUNNER = YES;
			};
			name = Release;
		};
/* End XCBuildConfiguration section */

/* Begin XCConfigurationList section */
		4D8B76431C97944300A70B71 /* Build configuration list for PBXProject "Trail of History" */ = {
			isa = XCConfigurationList;
			buildConfigurations = (
				4D8B76711C97944300A70B71 /* Debug */,
				4D8B76721C97944300A70B71 /* Release */,
			);
			defaultConfigurationIsVisible = 0;
			defaultConfigurationName = Release;
		};
		4D8B76731C97944300A70B71 /* Build configuration list for PBXNativeTarget "Trail of History" */ = {
			isa = XCConfigurationList;
			buildConfigurations = (
				4D8B76741C97944300A70B71 /* Debug */,
				4D8B76751C97944300A70B71 /* Release */,
			);
			defaultConfigurationIsVisible = 0;
			defaultConfigurationName = Release;
		};
		4D8B76761C97944300A70B71 /* Build configuration list for PBXNativeTarget "Trail of HistoryTests" */ = {
			isa = XCConfigurationList;
			buildConfigurations = (
				4D8B76771C97944300A70B71 /* Debug */,
				4D8B76781C97944300A70B71 /* Release */,
			);
			defaultConfigurationIsVisible = 0;
			defaultConfigurationName = Release;
		};
		4D8B76791C97944300A70B71 /* Build configuration list for PBXNativeTarget "Trail of HistoryUITests" */ = {
			isa = XCConfigurationList;
			buildConfigurations = (
				4D8B767A1C97944300A70B71 /* Debug */,
				4D8B767B1C97944300A70B71 /* Release */,
			);
			defaultConfigurationIsVisible = 0;
			defaultConfigurationName = Release;
		};
/* End XCConfigurationList section */

/* Begin XCVersionGroup section */
		4D8B76521C97944300A70B71 /* Trail_of_History.xcdatamodeld */ = {
			isa = XCVersionGroup;
			children = (
				4D8B76531C97944300A70B71 /* Trail_of_History.xcdatamodel */,
			);
			currentVersion = 4D8B76531C97944300A70B71 /* Trail_of_History.xcdatamodel */;
			path = Trail_of_History.xcdatamodeld;
			sourceTree = "<group>";
			versionGroupType = wrapper.xcdatamodel;
		};
/* End XCVersionGroup section */
	};
	rootObject = 4D8B76401C97944300A70B71 /* Project object */;
}
